// !$*UTF8*$!
{
	archiveVersion = 1;
	classes = {
	};
	objectVersion = 50;
	objects = {

/* Begin PBXBuildFile section */
		B1169DC223940E7700E9A177 /* AOC2019.framework in Frameworks */ = {isa = PBXBuildFile; fileRef = B1169DB823940E7700E9A177 /* AOC2019.framework */; };
		B1169DC723940E7700E9A177 /* AOC2019Tests.swift in Sources */ = {isa = PBXBuildFile; fileRef = B1169DC623940E7700E9A177 /* AOC2019Tests.swift */; };
		B1169DC923940E7700E9A177 /* AOC2019.h in Headers */ = {isa = PBXBuildFile; fileRef = B1169DBB23940E7700E9A177 /* AOC2019.h */; settings = {ATTRIBUTES = (Public, ); }; };
		B1169DD423940EA900E9A177 /* AdventOfCode.framework in Frameworks */ = {isa = PBXBuildFile; fileRef = B1169DD323940EA900E9A177 /* AdventOfCode.framework */; };
		B1169DD523940EA900E9A177 /* AdventOfCode.framework in Embed Frameworks */ = {isa = PBXBuildFile; fileRef = B1169DD323940EA900E9A177 /* AdventOfCode.framework */; settings = {ATTRIBUTES = (CodeSignOnCopy, RemoveHeadersOnCopy, ); }; };
		B1169E3B23940EE600E9A177 /* Day11.swift in Sources */ = {isa = PBXBuildFile; fileRef = B1169DD823940EE300E9A177 /* Day11.swift */; };
		B1169E3F23940EE600E9A177 /* Day12.swift in Sources */ = {isa = PBXBuildFile; fileRef = B1169DDD23940EE300E9A177 /* Day12.swift */; };
		B1169E4323940EE600E9A177 /* Day24.swift in Sources */ = {isa = PBXBuildFile; fileRef = B1169DE223940EE300E9A177 /* Day24.swift */; };
		B1169E4523940EE600E9A177 /* Day2.swift in Sources */ = {isa = PBXBuildFile; fileRef = B1169DE523940EE300E9A177 /* Day2.swift */; };
		B1169E4723940EE600E9A177 /* Day17.swift in Sources */ = {isa = PBXBuildFile; fileRef = B1169DE823940EE300E9A177 /* Day17.swift */; };
		B1169E4A23940EE600E9A177 /* Day13.swift in Sources */ = {isa = PBXBuildFile; fileRef = B1169DEC23940EE300E9A177 /* Day13.swift */; };
		B1169E4F23940EE600E9A177 /* Day14.swift in Sources */ = {isa = PBXBuildFile; fileRef = B1169DF223940EE300E9A177 /* Day14.swift */; };
		B1169E5223940EE600E9A177 /* Day21.swift in Sources */ = {isa = PBXBuildFile; fileRef = B1169DF623940EE300E9A177 /* Day21.swift */; };
		B1169E5423940EE600E9A177 /* Day10.swift in Sources */ = {isa = PBXBuildFile; fileRef = B1169DF923940EE300E9A177 /* Day10.swift */; };
		B1169E5823940EE600E9A177 /* Day19.swift in Sources */ = {isa = PBXBuildFile; fileRef = B1169DFE23940EE300E9A177 /* Day19.swift */; };
		B1169E5A23940EE600E9A177 /* Day4.swift in Sources */ = {isa = PBXBuildFile; fileRef = B1169E0123940EE300E9A177 /* Day4.swift */; };
		B1169E5E23940EE600E9A177 /* Day22.swift in Sources */ = {isa = PBXBuildFile; fileRef = B1169E0623940EE300E9A177 /* Day22.swift */; };
		B1169E6123940EE600E9A177 /* Day9.swift in Sources */ = {isa = PBXBuildFile; fileRef = B1169E0A23940EE300E9A177 /* Day9.swift */; };
		B1169E6423940EE600E9A177 /* Day16.swift in Sources */ = {isa = PBXBuildFile; fileRef = B1169E0E23940EE300E9A177 /* Day16.swift */; };
		B1169E6523940EE600E9A177 /* Day3.swift in Sources */ = {isa = PBXBuildFile; fileRef = B1169E1023940EE300E9A177 /* Day3.swift */; };
		B1169E6A23940EE600E9A177 /* Day18.swift in Sources */ = {isa = PBXBuildFile; fileRef = B1169E1623940EE300E9A177 /* Day18.swift */; };
		B1169E6B23940EE600E9A177 /* Day7.swift in Sources */ = {isa = PBXBuildFile; fileRef = B1169E1823940EE300E9A177 /* Day7.swift */; };
		B1169E6E23940EE600E9A177 /* Day1.swift in Sources */ = {isa = PBXBuildFile; fileRef = B1169E1C23940EE400E9A177 /* Day1.swift */; };
		B1169E7323940EE600E9A177 /* Day23.swift in Sources */ = {isa = PBXBuildFile; fileRef = B1169E2223940EE500E9A177 /* Day23.swift */; };
		B1169E7523940EE600E9A177 /* Day20.swift in Sources */ = {isa = PBXBuildFile; fileRef = B1169E2523940EE500E9A177 /* Day20.swift */; };
		B1169E7823940EE600E9A177 /* Day25.swift in Sources */ = {isa = PBXBuildFile; fileRef = B1169E2923940EE600E9A177 /* Day25.swift */; };
		B1169E7B23940EE600E9A177 /* Day6.swift in Sources */ = {isa = PBXBuildFile; fileRef = B1169E2D23940EE600E9A177 /* Day6.swift */; };
		B1169E7D23940EE600E9A177 /* Day15.swift in Sources */ = {isa = PBXBuildFile; fileRef = B1169E3023940EE600E9A177 /* Day15.swift */; };
		B1169E8123940EE600E9A177 /* Day5.swift in Sources */ = {isa = PBXBuildFile; fileRef = B1169E3523940EE600E9A177 /* Day5.swift */; };
		B1169E8723940F9700E9A177 /* Day8.swift in Sources */ = {isa = PBXBuildFile; fileRef = B1169E8623940F9700E9A177 /* Day8.swift */; };
		B1169E91239412B900E9A177 /* Day1Tests.swift in Sources */ = {isa = PBXBuildFile; fileRef = B1169E90239412B900E9A177 /* Day1Tests.swift */; };
		B1169E932394159200E9A177 /* Day2Tests.swift in Sources */ = {isa = PBXBuildFile; fileRef = B1169E922394159200E9A177 /* Day2Tests.swift */; };
		B15A5CA4239CBAFA002DB585 /* Day8Tests.swift in Sources */ = {isa = PBXBuildFile; fileRef = B15A5CA3239CBAFA002DB585 /* Day8Tests.swift */; };
		B15A5CA8239E02C4002DB585 /* Day9Tests.swift in Sources */ = {isa = PBXBuildFile; fileRef = B15A5CA7239E02C4002DB585 /* Day9Tests.swift */; };
		B15A5CAD239F0482002DB585 /* Day10Tests.swift in Sources */ = {isa = PBXBuildFile; fileRef = B15A5CAC239F0482002DB585 /* Day10Tests.swift */; };
		B1C5841923A1FF4E00A6B907 /* Day11Tests.swift in Sources */ = {isa = PBXBuildFile; fileRef = B1C5841823A1FF4E00A6B907 /* Day11Tests.swift */; };
		B1C5841B23A2016200A6B907 /* Day12Tests.swift in Sources */ = {isa = PBXBuildFile; fileRef = B1C5841A23A2016200A6B907 /* Day12Tests.swift */; };
		B1C5842623A3504300A6B907 /* Day13Tests.swift in Sources */ = {isa = PBXBuildFile; fileRef = B1C5842523A3504300A6B907 /* Day13Tests.swift */; };
		B1CD6509239B68B800854311 /* Day7Tests.swift in Sources */ = {isa = PBXBuildFile; fileRef = B1CD6508239B68B800854311 /* Day7Tests.swift */; };
		B1E8E75A2397755400DEE40E /* Day4Tests.swift in Sources */ = {isa = PBXBuildFile; fileRef = B1E8E7592397755400DEE40E /* Day4Tests.swift */; };
		B1E8E75C23977AA300DEE40E /* Day3Tests.swift in Sources */ = {isa = PBXBuildFile; fileRef = B1E8E75B23977AA300DEE40E /* Day3Tests.swift */; };
		B1E8E7602398C4C000DEE40E /* Day5Tests.swift in Sources */ = {isa = PBXBuildFile; fileRef = B1E8E75F2398C4C000DEE40E /* Day5Tests.swift */; };
		B1EAA982239A17F10058EFC7 /* Day6Tests.swift in Sources */ = {isa = PBXBuildFile; fileRef = B1EAA981239A17F10058EFC7 /* Day6Tests.swift */; };
		DC6916E425803713009AD468 /* Day14Tests.swift in Sources */ = {isa = PBXBuildFile; fileRef = DC6916E325803713009AD468 /* Day14Tests.swift */; };
/* End PBXBuildFile section */

/* Begin PBXContainerItemProxy section */
		B1169DC323940E7700E9A177 /* PBXContainerItemProxy */ = {
			isa = PBXContainerItemProxy;
			containerPortal = B1169DAF23940E7700E9A177 /* Project object */;
			proxyType = 1;
			remoteGlobalIDString = B1169DB723940E7700E9A177;
			remoteInfo = AOC2019;
		};
/* End PBXContainerItemProxy section */

/* Begin PBXCopyFilesBuildPhase section */
		B1169DD623940EA900E9A177 /* Embed Frameworks */ = {
			isa = PBXCopyFilesBuildPhase;
			buildActionMask = 2147483647;
			dstPath = "";
			dstSubfolderSpec = 10;
			files = (
				B1169DD523940EA900E9A177 /* AdventOfCode.framework in Embed Frameworks */,
			);
			name = "Embed Frameworks";
			runOnlyForDeploymentPostprocessing = 0;
		};
/* End PBXCopyFilesBuildPhase section */

/* Begin PBXFileReference section */
		B1169DB823940E7700E9A177 /* AOC2019.framework */ = {isa = PBXFileReference; explicitFileType = wrapper.framework; includeInIndex = 0; path = AOC2019.framework; sourceTree = BUILT_PRODUCTS_DIR; };
		B1169DBB23940E7700E9A177 /* AOC2019.h */ = {isa = PBXFileReference; lastKnownFileType = sourcecode.c.h; path = AOC2019.h; sourceTree = "<group>"; };
		B1169DBC23940E7700E9A177 /* Info.plist */ = {isa = PBXFileReference; lastKnownFileType = text.plist.xml; path = Info.plist; sourceTree = "<group>"; };
		B1169DC123940E7700E9A177 /* AOC2019Tests.xctest */ = {isa = PBXFileReference; explicitFileType = wrapper.cfbundle; includeInIndex = 0; path = AOC2019Tests.xctest; sourceTree = BUILT_PRODUCTS_DIR; };
		B1169DC623940E7700E9A177 /* AOC2019Tests.swift */ = {isa = PBXFileReference; lastKnownFileType = sourcecode.swift; path = AOC2019Tests.swift; sourceTree = "<group>"; };
		B1169DC823940E7700E9A177 /* Info.plist */ = {isa = PBXFileReference; lastKnownFileType = text.plist.xml; path = Info.plist; sourceTree = "<group>"; };
		B1169DD323940EA900E9A177 /* AdventOfCode.framework */ = {isa = PBXFileReference; explicitFileType = wrapper.framework; path = AdventOfCode.framework; sourceTree = BUILT_PRODUCTS_DIR; };
		B1169DD823940EE300E9A177 /* Day11.swift */ = {isa = PBXFileReference; fileEncoding = 4; lastKnownFileType = sourcecode.swift; path = Day11.swift; sourceTree = "<group>"; };
		B1169DDA23940EE300E9A177 /* input */ = {isa = PBXFileReference; fileEncoding = 4; lastKnownFileType = text; path = input; sourceTree = "<group>"; };
		B1169DDC23940EE300E9A177 /* input */ = {isa = PBXFileReference; fileEncoding = 4; lastKnownFileType = text; path = input; sourceTree = "<group>"; };
		B1169DDD23940EE300E9A177 /* Day12.swift */ = {isa = PBXFileReference; fileEncoding = 4; lastKnownFileType = sourcecode.swift; path = Day12.swift; sourceTree = "<group>"; };
		B1169DE023940EE300E9A177 /* input */ = {isa = PBXFileReference; fileEncoding = 4; lastKnownFileType = text; path = input; sourceTree = "<group>"; };
		B1169DE223940EE300E9A177 /* Day24.swift */ = {isa = PBXFileReference; fileEncoding = 4; lastKnownFileType = sourcecode.swift; path = Day24.swift; sourceTree = "<group>"; };
		B1169DE423940EE300E9A177 /* input */ = {isa = PBXFileReference; fileEncoding = 4; lastKnownFileType = text; path = input; sourceTree = "<group>"; };
		B1169DE523940EE300E9A177 /* Day2.swift */ = {isa = PBXFileReference; fileEncoding = 4; lastKnownFileType = sourcecode.swift; path = Day2.swift; sourceTree = "<group>"; };
		B1169DE823940EE300E9A177 /* Day17.swift */ = {isa = PBXFileReference; fileEncoding = 4; lastKnownFileType = sourcecode.swift; path = Day17.swift; sourceTree = "<group>"; };
		B1169DE923940EE300E9A177 /* input */ = {isa = PBXFileReference; fileEncoding = 4; lastKnownFileType = text; path = input; sourceTree = "<group>"; };
		B1169DEC23940EE300E9A177 /* Day13.swift */ = {isa = PBXFileReference; fileEncoding = 4; lastKnownFileType = sourcecode.swift; path = Day13.swift; sourceTree = "<group>"; };
		B1169DED23940EE300E9A177 /* input */ = {isa = PBXFileReference; fileEncoding = 4; lastKnownFileType = text; path = input; sourceTree = "<group>"; };
		B1169DF123940EE300E9A177 /* input */ = {isa = PBXFileReference; fileEncoding = 4; lastKnownFileType = text; path = input; sourceTree = "<group>"; };
		B1169DF223940EE300E9A177 /* Day14.swift */ = {isa = PBXFileReference; fileEncoding = 4; lastKnownFileType = sourcecode.swift; path = Day14.swift; sourceTree = "<group>"; };
		B1169DF423940EE300E9A177 /* input */ = {isa = PBXFileReference; fileEncoding = 4; lastKnownFileType = text; path = input; sourceTree = "<group>"; };
		B1169DF623940EE300E9A177 /* Day21.swift */ = {isa = PBXFileReference; fileEncoding = 4; lastKnownFileType = sourcecode.swift; path = Day21.swift; sourceTree = "<group>"; };
		B1169DF823940EE300E9A177 /* input */ = {isa = PBXFileReference; fileEncoding = 4; lastKnownFileType = text; path = input; sourceTree = "<group>"; };
		B1169DF923940EE300E9A177 /* Day10.swift */ = {isa = PBXFileReference; fileEncoding = 4; lastKnownFileType = sourcecode.swift; path = Day10.swift; sourceTree = "<group>"; };
		B1169DFD23940EE300E9A177 /* input */ = {isa = PBXFileReference; fileEncoding = 4; lastKnownFileType = text; path = input; sourceTree = "<group>"; };
		B1169DFE23940EE300E9A177 /* Day19.swift */ = {isa = PBXFileReference; fileEncoding = 4; lastKnownFileType = sourcecode.swift; path = Day19.swift; sourceTree = "<group>"; };
		B1169E0023940EE300E9A177 /* input */ = {isa = PBXFileReference; fileEncoding = 4; lastKnownFileType = text; path = input; sourceTree = "<group>"; };
		B1169E0123940EE300E9A177 /* Day4.swift */ = {isa = PBXFileReference; fileEncoding = 4; lastKnownFileType = sourcecode.swift; path = Day4.swift; sourceTree = "<group>"; };
		B1169E0423940EE300E9A177 /* input */ = {isa = PBXFileReference; fileEncoding = 4; lastKnownFileType = text; path = input; sourceTree = "<group>"; };
		B1169E0623940EE300E9A177 /* Day22.swift */ = {isa = PBXFileReference; fileEncoding = 4; lastKnownFileType = sourcecode.swift; path = Day22.swift; sourceTree = "<group>"; };
		B1169E0823940EE300E9A177 /* input */ = {isa = PBXFileReference; fileEncoding = 4; lastKnownFileType = text; path = input; sourceTree = "<group>"; };
		B1169E0A23940EE300E9A177 /* Day9.swift */ = {isa = PBXFileReference; fileEncoding = 4; lastKnownFileType = sourcecode.swift; path = Day9.swift; sourceTree = "<group>"; };
		B1169E0C23940EE300E9A177 /* input */ = {isa = PBXFileReference; fileEncoding = 4; lastKnownFileType = text; path = input; sourceTree = "<group>"; };
		B1169E0E23940EE300E9A177 /* Day16.swift */ = {isa = PBXFileReference; fileEncoding = 4; lastKnownFileType = sourcecode.swift; path = Day16.swift; sourceTree = "<group>"; };
		B1169E1023940EE300E9A177 /* Day3.swift */ = {isa = PBXFileReference; fileEncoding = 4; lastKnownFileType = sourcecode.swift; path = Day3.swift; sourceTree = "<group>"; };
		B1169E1123940EE300E9A177 /* input */ = {isa = PBXFileReference; fileEncoding = 4; lastKnownFileType = text; path = input; sourceTree = "<group>"; };
		B1169E1423940EE300E9A177 /* input */ = {isa = PBXFileReference; fileEncoding = 4; lastKnownFileType = text; path = input; sourceTree = "<group>"; };
		B1169E1623940EE300E9A177 /* Day18.swift */ = {isa = PBXFileReference; fileEncoding = 4; lastKnownFileType = sourcecode.swift; path = Day18.swift; sourceTree = "<group>"; };
		B1169E1823940EE300E9A177 /* Day7.swift */ = {isa = PBXFileReference; fileEncoding = 4; lastKnownFileType = sourcecode.swift; path = Day7.swift; sourceTree = "<group>"; };
		B1169E1923940EE300E9A177 /* input */ = {isa = PBXFileReference; fileEncoding = 4; lastKnownFileType = text; path = input; sourceTree = "<group>"; };
		B1169E1C23940EE400E9A177 /* Day1.swift */ = {isa = PBXFileReference; fileEncoding = 4; lastKnownFileType = sourcecode.swift; path = Day1.swift; sourceTree = "<group>"; };
		B1169E1D23940EE400E9A177 /* input */ = {isa = PBXFileReference; fileEncoding = 4; lastKnownFileType = text; path = input; sourceTree = "<group>"; };
		B1169E2123940EE500E9A177 /* input */ = {isa = PBXFileReference; fileEncoding = 4; lastKnownFileType = text; path = input; sourceTree = "<group>"; };
		B1169E2223940EE500E9A177 /* Day23.swift */ = {isa = PBXFileReference; fileEncoding = 4; lastKnownFileType = sourcecode.swift; path = Day23.swift; sourceTree = "<group>"; };
		B1169E2423940EE500E9A177 /* input */ = {isa = PBXFileReference; fileEncoding = 4; lastKnownFileType = text; path = input; sourceTree = "<group>"; };
		B1169E2523940EE500E9A177 /* Day20.swift */ = {isa = PBXFileReference; fileEncoding = 4; lastKnownFileType = sourcecode.swift; path = Day20.swift; sourceTree = "<group>"; };
		B1169E2823940EE600E9A177 /* input */ = {isa = PBXFileReference; fileEncoding = 4; lastKnownFileType = text; path = input; sourceTree = "<group>"; };
		B1169E2923940EE600E9A177 /* Day25.swift */ = {isa = PBXFileReference; fileEncoding = 4; lastKnownFileType = sourcecode.swift; path = Day25.swift; sourceTree = "<group>"; };
		B1169E2D23940EE600E9A177 /* Day6.swift */ = {isa = PBXFileReference; fileEncoding = 4; lastKnownFileType = sourcecode.swift; path = Day6.swift; sourceTree = "<group>"; };
		B1169E3023940EE600E9A177 /* Day15.swift */ = {isa = PBXFileReference; fileEncoding = 4; lastKnownFileType = sourcecode.swift; path = Day15.swift; sourceTree = "<group>"; };
		B1169E3123940EE600E9A177 /* input */ = {isa = PBXFileReference; fileEncoding = 4; lastKnownFileType = text; path = input; sourceTree = "<group>"; };
		B1169E3523940EE600E9A177 /* Day5.swift */ = {isa = PBXFileReference; fileEncoding = 4; lastKnownFileType = sourcecode.swift; path = Day5.swift; sourceTree = "<group>"; };
		B1169E3623940EE600E9A177 /* input */ = {isa = PBXFileReference; fileEncoding = 4; lastKnownFileType = text; path = input; sourceTree = "<group>"; };
		B1169E3923940EE600E9A177 /* input */ = {isa = PBXFileReference; fileEncoding = 4; lastKnownFileType = text; path = input; sourceTree = "<group>"; };
		B1169E8623940F9700E9A177 /* Day8.swift */ = {isa = PBXFileReference; fileEncoding = 4; lastKnownFileType = sourcecode.swift; path = Day8.swift; sourceTree = "<group>"; };
		B1169E88239410DE00E9A177 /* input */ = {isa = PBXFileReference; fileEncoding = 4; lastKnownFileType = text; path = input; sourceTree = "<group>"; };
		B1169E90239412B900E9A177 /* Day1Tests.swift */ = {isa = PBXFileReference; lastKnownFileType = sourcecode.swift; path = Day1Tests.swift; sourceTree = "<group>"; };
		B1169E922394159200E9A177 /* Day2Tests.swift */ = {isa = PBXFileReference; lastKnownFileType = sourcecode.swift; path = Day2Tests.swift; sourceTree = "<group>"; };
		B15A5CA3239CBAFA002DB585 /* Day8Tests.swift */ = {isa = PBXFileReference; lastKnownFileType = sourcecode.swift; path = Day8Tests.swift; sourceTree = "<group>"; };
		B15A5CA7239E02C4002DB585 /* Day9Tests.swift */ = {isa = PBXFileReference; lastKnownFileType = sourcecode.swift; path = Day9Tests.swift; sourceTree = "<group>"; };
		B15A5CAC239F0482002DB585 /* Day10Tests.swift */ = {isa = PBXFileReference; lastKnownFileType = sourcecode.swift; path = Day10Tests.swift; sourceTree = "<group>"; };
		B1C5841823A1FF4E00A6B907 /* Day11Tests.swift */ = {isa = PBXFileReference; lastKnownFileType = sourcecode.swift; path = Day11Tests.swift; sourceTree = "<group>"; };
		B1C5841A23A2016200A6B907 /* Day12Tests.swift */ = {isa = PBXFileReference; lastKnownFileType = sourcecode.swift; path = Day12Tests.swift; sourceTree = "<group>"; };
		B1C5842523A3504300A6B907 /* Day13Tests.swift */ = {isa = PBXFileReference; lastKnownFileType = sourcecode.swift; path = Day13Tests.swift; sourceTree = "<group>"; };
		B1CD6508239B68B800854311 /* Day7Tests.swift */ = {isa = PBXFileReference; lastKnownFileType = sourcecode.swift; path = Day7Tests.swift; sourceTree = "<group>"; };
		B1E8E7592397755400DEE40E /* Day4Tests.swift */ = {isa = PBXFileReference; lastKnownFileType = sourcecode.swift; path = Day4Tests.swift; sourceTree = "<group>"; };
		B1E8E75B23977AA300DEE40E /* Day3Tests.swift */ = {isa = PBXFileReference; lastKnownFileType = sourcecode.swift; path = Day3Tests.swift; sourceTree = "<group>"; };
		B1E8E75F2398C4C000DEE40E /* Day5Tests.swift */ = {isa = PBXFileReference; lastKnownFileType = sourcecode.swift; path = Day5Tests.swift; sourceTree = "<group>"; };
		B1EAA981239A17F10058EFC7 /* Day6Tests.swift */ = {isa = PBXFileReference; lastKnownFileType = sourcecode.swift; path = Day6Tests.swift; sourceTree = "<group>"; };
		DC6916E325803713009AD468 /* Day14Tests.swift */ = {isa = PBXFileReference; lastKnownFileType = sourcecode.swift; path = Day14Tests.swift; sourceTree = "<group>"; };
/* End PBXFileReference section */

/* Begin PBXFrameworksBuildPhase section */
		B1169DB523940E7700E9A177 /* Frameworks */ = {
			isa = PBXFrameworksBuildPhase;
			buildActionMask = 2147483647;
			files = (
				B1169DD423940EA900E9A177 /* AdventOfCode.framework in Frameworks */,
			);
			runOnlyForDeploymentPostprocessing = 0;
		};
		B1169DBE23940E7700E9A177 /* Frameworks */ = {
			isa = PBXFrameworksBuildPhase;
			buildActionMask = 2147483647;
			files = (
				B1169DC223940E7700E9A177 /* AOC2019.framework in Frameworks */,
			);
			runOnlyForDeploymentPostprocessing = 0;
		};
/* End PBXFrameworksBuildPhase section */

/* Begin PBXGroup section */
		B1169DAE23940E7700E9A177 = {
			isa = PBXGroup;
			children = (
				B1169DD223940E9700E9A177 /* Frameworks */,
				B1169DBA23940E7700E9A177 /* AOC2019 */,
				B1169DC523940E7700E9A177 /* AOC2019Tests */,
				B1169DB923940E7700E9A177 /* Products */,
			);
			sourceTree = "<group>";
		};
		B1169DB923940E7700E9A177 /* Products */ = {
			isa = PBXGroup;
			children = (
				B1169DB823940E7700E9A177 /* AOC2019.framework */,
				B1169DC123940E7700E9A177 /* AOC2019Tests.xctest */,
			);
			name = Products;
			sourceTree = "<group>";
		};
		B1169DBA23940E7700E9A177 /* AOC2019 */ = {
			isa = PBXGroup;
			children = (
				B1169E1B23940EE400E9A177 /* Day1 */,
				B1169DE323940EE300E9A177 /* Day2 */,
				B1169E0F23940EE300E9A177 /* Day3 */,
				B1169DFF23940EE300E9A177 /* Day4 */,
				B1169E3323940EE600E9A177 /* Day5 */,
				B1169E2B23940EE600E9A177 /* Day6 */,
				B1169E1723940EE300E9A177 /* Day7 */,
				B1169E3723940EE600E9A177 /* Day8 */,
				B1169E0723940EE300E9A177 /* Day9 */,
				B1169DF723940EE300E9A177 /* Day10 */,
				B1169DD723940EE300E9A177 /* Day11 */,
				B1169DDB23940EE300E9A177 /* Day12 */,
				B1169DEB23940EE300E9A177 /* Day13 */,
				B1169DEF23940EE300E9A177 /* Day14 */,
				B1169E2F23940EE600E9A177 /* Day15 */,
				B1169E0B23940EE300E9A177 /* Day16 */,
				B1169DE723940EE300E9A177 /* Day17 */,
				B1169E1323940EE300E9A177 /* Day18 */,
				B1169DFB23940EE300E9A177 /* Day19 */,
				B1169E2323940EE500E9A177 /* Day20 */,
				B1169DF323940EE300E9A177 /* Day21 */,
				B1169E0323940EE300E9A177 /* Day22 */,
				B1169E1F23940EE500E9A177 /* Day23 */,
				B1169DDF23940EE300E9A177 /* Day24 */,
				B1169E2723940EE600E9A177 /* Day25 */,
				B1169DBC23940E7700E9A177 /* Info.plist */,
				B1169DBB23940E7700E9A177 /* AOC2019.h */,
			);
			path = AOC2019;
			sourceTree = "<group>";
		};
		B1169DC523940E7700E9A177 /* AOC2019Tests */ = {
			isa = PBXGroup;
			children = (
				B1169DC623940E7700E9A177 /* AOC2019Tests.swift */,
				B1169DC823940E7700E9A177 /* Info.plist */,
			);
			path = AOC2019Tests;
			sourceTree = "<group>";
		};
		B1169DD223940E9700E9A177 /* Frameworks */ = {
			isa = PBXGroup;
			children = (
				B1169DD323940EA900E9A177 /* AdventOfCode.framework */,
			);
			name = Frameworks;
			sourceTree = "<group>";
		};
		B1169DD723940EE300E9A177 /* Day11 */ = {
			isa = PBXGroup;
			children = (
				B1169DD823940EE300E9A177 /* Day11.swift */,
				B1C5841823A1FF4E00A6B907 /* Day11Tests.swift */,
				B1169DDA23940EE300E9A177 /* input */,
			);
			path = Day11;
			sourceTree = "<group>";
		};
		B1169DDB23940EE300E9A177 /* Day12 */ = {
			isa = PBXGroup;
			children = (
				B1169DDD23940EE300E9A177 /* Day12.swift */,
				B1C5841A23A2016200A6B907 /* Day12Tests.swift */,
				B1169DDC23940EE300E9A177 /* input */,
			);
			path = Day12;
			sourceTree = "<group>";
		};
		B1169DDF23940EE300E9A177 /* Day24 */ = {
			isa = PBXGroup;
			children = (
				B1169DE023940EE300E9A177 /* input */,
				B1169DE223940EE300E9A177 /* Day24.swift */,
			);
			path = Day24;
			sourceTree = "<group>";
		};
		B1169DE323940EE300E9A177 /* Day2 */ = {
			isa = PBXGroup;
			children = (
				B1169DE423940EE300E9A177 /* input */,
				B1169DE523940EE300E9A177 /* Day2.swift */,
				B1169E922394159200E9A177 /* Day2Tests.swift */,
			);
			path = Day2;
			sourceTree = "<group>";
		};
		B1169DE723940EE300E9A177 /* Day17 */ = {
			isa = PBXGroup;
			children = (
				B1169DE823940EE300E9A177 /* Day17.swift */,
				B1169DE923940EE300E9A177 /* input */,
			);
			path = Day17;
			sourceTree = "<group>";
		};
		B1169DEB23940EE300E9A177 /* Day13 */ = {
			isa = PBXGroup;
			children = (
				B1169DEC23940EE300E9A177 /* Day13.swift */,
				B1C5842523A3504300A6B907 /* Day13Tests.swift */,
				B1169DED23940EE300E9A177 /* input */,
			);
			path = Day13;
			sourceTree = "<group>";
		};
		B1169DEF23940EE300E9A177 /* Day14 */ = {
			isa = PBXGroup;
			children = (
				B1169DF223940EE300E9A177 /* Day14.swift */,
				DC6916E325803713009AD468 /* Day14Tests.swift */,
				B1169DF123940EE300E9A177 /* input */,
			);
			path = Day14;
			sourceTree = "<group>";
		};
		B1169DF323940EE300E9A177 /* Day21 */ = {
			isa = PBXGroup;
			children = (
				B1169DF423940EE300E9A177 /* input */,
				B1169DF623940EE300E9A177 /* Day21.swift */,
			);
			path = Day21;
			sourceTree = "<group>";
		};
		B1169DF723940EE300E9A177 /* Day10 */ = {
			isa = PBXGroup;
			children = (
				B1169DF823940EE300E9A177 /* input */,
				B1169DF923940EE300E9A177 /* Day10.swift */,
				B15A5CAC239F0482002DB585 /* Day10Tests.swift */,
			);
			path = Day10;
			sourceTree = "<group>";
		};
		B1169DFB23940EE300E9A177 /* Day19 */ = {
			isa = PBXGroup;
			children = (
				B1169DFD23940EE300E9A177 /* input */,
				B1169DFE23940EE300E9A177 /* Day19.swift */,
			);
			path = Day19;
			sourceTree = "<group>";
		};
		B1169DFF23940EE300E9A177 /* Day4 */ = {
			isa = PBXGroup;
			children = (
				B1169E0023940EE300E9A177 /* input */,
				B1169E0123940EE300E9A177 /* Day4.swift */,
				B1E8E7592397755400DEE40E /* Day4Tests.swift */,
			);
			path = Day4;
			sourceTree = "<group>";
		};
		B1169E0323940EE300E9A177 /* Day22 */ = {
			isa = PBXGroup;
			children = (
				B1169E0423940EE300E9A177 /* input */,
				B1169E0623940EE300E9A177 /* Day22.swift */,
			);
			path = Day22;
			sourceTree = "<group>";
		};
		B1169E0723940EE300E9A177 /* Day9 */ = {
			isa = PBXGroup;
			children = (
				B1169E0823940EE300E9A177 /* input */,
				B1169E0A23940EE300E9A177 /* Day9.swift */,
				B15A5CA7239E02C4002DB585 /* Day9Tests.swift */,
			);
			path = Day9;
			sourceTree = "<group>";
		};
		B1169E0B23940EE300E9A177 /* Day16 */ = {
			isa = PBXGroup;
			children = (
				B1169E0C23940EE300E9A177 /* input */,
				B1169E0E23940EE300E9A177 /* Day16.swift */,
			);
			path = Day16;
			sourceTree = "<group>";
		};
		B1169E0F23940EE300E9A177 /* Day3 */ = {
			isa = PBXGroup;
			children = (
				B1169E1023940EE300E9A177 /* Day3.swift */,
				B1E8E75B23977AA300DEE40E /* Day3Tests.swift */,
				B1169E1123940EE300E9A177 /* input */,
			);
			path = Day3;
			sourceTree = "<group>";
		};
		B1169E1323940EE300E9A177 /* Day18 */ = {
			isa = PBXGroup;
			children = (
				B1169E1423940EE300E9A177 /* input */,
				B1169E1623940EE300E9A177 /* Day18.swift */,
			);
			path = Day18;
			sourceTree = "<group>";
		};
		B1169E1723940EE300E9A177 /* Day7 */ = {
			isa = PBXGroup;
			children = (
				B1169E1823940EE300E9A177 /* Day7.swift */,
				B1CD6508239B68B800854311 /* Day7Tests.swift */,
				B1169E1923940EE300E9A177 /* input */,
			);
			path = Day7;
			sourceTree = "<group>";
		};
		B1169E1B23940EE400E9A177 /* Day1 */ = {
			isa = PBXGroup;
			children = (
				B1169E1C23940EE400E9A177 /* Day1.swift */,
				B1169E1D23940EE400E9A177 /* input */,
				B1169E90239412B900E9A177 /* Day1Tests.swift */,
			);
			path = Day1;
			sourceTree = "<group>";
		};
		B1169E1F23940EE500E9A177 /* Day23 */ = {
			isa = PBXGroup;
			children = (
				B1169E2123940EE500E9A177 /* input */,
				B1169E2223940EE500E9A177 /* Day23.swift */,
			);
			path = Day23;
			sourceTree = "<group>";
		};
		B1169E2323940EE500E9A177 /* Day20 */ = {
			isa = PBXGroup;
			children = (
				B1169E2423940EE500E9A177 /* input */,
				B1169E2523940EE500E9A177 /* Day20.swift */,
			);
			path = Day20;
			sourceTree = "<group>";
		};
		B1169E2723940EE600E9A177 /* Day25 */ = {
			isa = PBXGroup;
			children = (
				B1169E2823940EE600E9A177 /* input */,
				B1169E2923940EE600E9A177 /* Day25.swift */,
			);
			path = Day25;
			sourceTree = "<group>";
		};
		B1169E2B23940EE600E9A177 /* Day6 */ = {
			isa = PBXGroup;
			children = (
				B1169E88239410DE00E9A177 /* input */,
				B1169E2D23940EE600E9A177 /* Day6.swift */,
				B1EAA981239A17F10058EFC7 /* Day6Tests.swift */,
			);
			path = Day6;
			sourceTree = "<group>";
		};
		B1169E2F23940EE600E9A177 /* Day15 */ = {
			isa = PBXGroup;
			children = (
				B1169E3023940EE600E9A177 /* Day15.swift */,
				B1169E3123940EE600E9A177 /* input */,
			);
			path = Day15;
			sourceTree = "<group>";
		};
		B1169E3323940EE600E9A177 /* Day5 */ = {
			isa = PBXGroup;
			children = (
				B1169E3523940EE600E9A177 /* Day5.swift */,
				B1E8E75F2398C4C000DEE40E /* Day5Tests.swift */,
				B1169E3623940EE600E9A177 /* input */,
			);
			path = Day5;
			sourceTree = "<group>";
		};
		B1169E3723940EE600E9A177 /* Day8 */ = {
			isa = PBXGroup;
			children = (
				B1169E8623940F9700E9A177 /* Day8.swift */,
				B1169E3923940EE600E9A177 /* input */,
				B15A5CA3239CBAFA002DB585 /* Day8Tests.swift */,
			);
			path = Day8;
			sourceTree = "<group>";
		};
/* End PBXGroup section */

/* Begin PBXHeadersBuildPhase section */
		B1169DB323940E7700E9A177 /* Headers */ = {
			isa = PBXHeadersBuildPhase;
			buildActionMask = 2147483647;
			files = (
				B1169DC923940E7700E9A177 /* AOC2019.h in Headers */,
			);
			runOnlyForDeploymentPostprocessing = 0;
		};
/* End PBXHeadersBuildPhase section */

/* Begin PBXNativeTarget section */
		B1169DB723940E7700E9A177 /* AOC2019 */ = {
			isa = PBXNativeTarget;
			buildConfigurationList = B1169DCC23940E7700E9A177 /* Build configuration list for PBXNativeTarget "AOC2019" */;
			buildPhases = (
				B1169DB323940E7700E9A177 /* Headers */,
				B1169DB423940E7700E9A177 /* Sources */,
				B1169DB523940E7700E9A177 /* Frameworks */,
				B1169DB623940E7700E9A177 /* Resources */,
				B1169DD623940EA900E9A177 /* Embed Frameworks */,
			);
			buildRules = (
			);
			dependencies = (
			);
			name = AOC2019;
			productName = AOC2019;
			productReference = B1169DB823940E7700E9A177 /* AOC2019.framework */;
			productType = "com.apple.product-type.framework";
		};
		B1169DC023940E7700E9A177 /* AOC2019Tests */ = {
			isa = PBXNativeTarget;
			buildConfigurationList = B1169DCF23940E7700E9A177 /* Build configuration list for PBXNativeTarget "AOC2019Tests" */;
			buildPhases = (
				B1169DBD23940E7700E9A177 /* Sources */,
				B1169DBE23940E7700E9A177 /* Frameworks */,
				B1169DBF23940E7700E9A177 /* Resources */,
			);
			buildRules = (
			);
			dependencies = (
				B1169DC423940E7700E9A177 /* PBXTargetDependency */,
			);
			name = AOC2019Tests;
			productName = AOC2019Tests;
			productReference = B1169DC123940E7700E9A177 /* AOC2019Tests.xctest */;
			productType = "com.apple.product-type.bundle.unit-test";
		};
/* End PBXNativeTarget section */

/* Begin PBXProject section */
		B1169DAF23940E7700E9A177 /* Project object */ = {
			isa = PBXProject;
			attributes = {
				LastSwiftUpdateCheck = 1120;
				LastUpgradeCheck = 1210;
				ORGANIZATIONNAME = type440;
				TargetAttributes = {
					B1169DB723940E7700E9A177 = {
						CreatedOnToolsVersion = 11.2;
					};
					B1169DC023940E7700E9A177 = {
						CreatedOnToolsVersion = 11.2;
					};
				};
			};
			buildConfigurationList = B1169DB223940E7700E9A177 /* Build configuration list for PBXProject "AOC2019" */;
			compatibilityVersion = "Xcode 9.3";
			developmentRegion = en;
			hasScannedForEncodings = 0;
			knownRegions = (
				en,
				Base,
			);
			mainGroup = B1169DAE23940E7700E9A177;
			productRefGroup = B1169DB923940E7700E9A177 /* Products */;
			projectDirPath = "";
			projectRoot = "";
			targets = (
				B1169DB723940E7700E9A177 /* AOC2019 */,
				B1169DC023940E7700E9A177 /* AOC2019Tests */,
			);
		};
/* End PBXProject section */

/* Begin PBXResourcesBuildPhase section */
		B1169DB623940E7700E9A177 /* Resources */ = {
			isa = PBXResourcesBuildPhase;
			buildActionMask = 2147483647;
			files = (
			);
			runOnlyForDeploymentPostprocessing = 0;
		};
		B1169DBF23940E7700E9A177 /* Resources */ = {
			isa = PBXResourcesBuildPhase;
			buildActionMask = 2147483647;
			files = (
			);
			runOnlyForDeploymentPostprocessing = 0;
		};
/* End PBXResourcesBuildPhase section */

/* Begin PBXSourcesBuildPhase section */
		B1169DB423940E7700E9A177 /* Sources */ = {
			isa = PBXSourcesBuildPhase;
			buildActionMask = 2147483647;
			files = (
				B1169E7523940EE600E9A177 /* Day20.swift in Sources */,
				B1169E7D23940EE600E9A177 /* Day15.swift in Sources */,
				B1169E6B23940EE600E9A177 /* Day7.swift in Sources */,
				B1169E6423940EE600E9A177 /* Day16.swift in Sources */,
				B1169E6E23940EE600E9A177 /* Day1.swift in Sources */,
				B1169E7323940EE600E9A177 /* Day23.swift in Sources */,
				B1169E4723940EE600E9A177 /* Day17.swift in Sources */,
				B1169E3B23940EE600E9A177 /* Day11.swift in Sources */,
				B1169E5A23940EE600E9A177 /* Day4.swift in Sources */,
				B1169E3F23940EE600E9A177 /* Day12.swift in Sources */,
				B1169E4523940EE600E9A177 /* Day2.swift in Sources */,
				B1169E7B23940EE600E9A177 /* Day6.swift in Sources */,
				B1169E5E23940EE600E9A177 /* Day22.swift in Sources */,
				B1169E6A23940EE600E9A177 /* Day18.swift in Sources */,
				B1169E5223940EE600E9A177 /* Day21.swift in Sources */,
				B1169E4F23940EE600E9A177 /* Day14.swift in Sources */,
				B1169E7823940EE600E9A177 /* Day25.swift in Sources */,
				B1169E8723940F9700E9A177 /* Day8.swift in Sources */,
				B1169E6523940EE600E9A177 /* Day3.swift in Sources */,
				B1169E5423940EE600E9A177 /* Day10.swift in Sources */,
				B1169E4323940EE600E9A177 /* Day24.swift in Sources */,
				B1169E8123940EE600E9A177 /* Day5.swift in Sources */,
				B1169E4A23940EE600E9A177 /* Day13.swift in Sources */,
				B1169E6123940EE600E9A177 /* Day9.swift in Sources */,
				B1169E5823940EE600E9A177 /* Day19.swift in Sources */,
			);
			runOnlyForDeploymentPostprocessing = 0;
		};
		B1169DBD23940E7700E9A177 /* Sources */ = {
			isa = PBXSourcesBuildPhase;
			buildActionMask = 2147483647;
			files = (
				B1E8E7602398C4C000DEE40E /* Day5Tests.swift in Sources */,
				B15A5CAD239F0482002DB585 /* Day10Tests.swift in Sources */,
				B1169E91239412B900E9A177 /* Day1Tests.swift in Sources */,
				B1CD6509239B68B800854311 /* Day7Tests.swift in Sources */,
				B1C5842623A3504300A6B907 /* Day13Tests.swift in Sources */,
				B15A5CA4239CBAFA002DB585 /* Day8Tests.swift in Sources */,
				B15A5CA8239E02C4002DB585 /* Day9Tests.swift in Sources */,
				DC6916E425803713009AD468 /* Day14Tests.swift in Sources */,
				B1C5841923A1FF4E00A6B907 /* Day11Tests.swift in Sources */,
				B1169DC723940E7700E9A177 /* AOC2019Tests.swift in Sources */,
				B1169E932394159200E9A177 /* Day2Tests.swift in Sources */,
				B1E8E75C23977AA300DEE40E /* Day3Tests.swift in Sources */,
				B1C5841B23A2016200A6B907 /* Day12Tests.swift in Sources */,
				B1E8E75A2397755400DEE40E /* Day4Tests.swift in Sources */,
				B1EAA982239A17F10058EFC7 /* Day6Tests.swift in Sources */,
			);
			runOnlyForDeploymentPostprocessing = 0;
		};
/* End PBXSourcesBuildPhase section */

/* Begin PBXTargetDependency section */
		B1169DC423940E7700E9A177 /* PBXTargetDependency */ = {
			isa = PBXTargetDependency;
			target = B1169DB723940E7700E9A177 /* AOC2019 */;
			targetProxy = B1169DC323940E7700E9A177 /* PBXContainerItemProxy */;
		};
/* End PBXTargetDependency section */

/* Begin XCBuildConfiguration section */
		B1169DCA23940E7700E9A177 /* Debug */ = {
			isa = XCBuildConfiguration;
			buildSettings = {
				ALWAYS_SEARCH_USER_PATHS = NO;
				CLANG_ANALYZER_NONNULL = YES;
				CLANG_ANALYZER_NUMBER_OBJECT_CONVERSION = YES_AGGRESSIVE;
				CLANG_CXX_LANGUAGE_STANDARD = "gnu++14";
				CLANG_CXX_LIBRARY = "libc++";
				CLANG_ENABLE_MODULES = YES;
				CLANG_ENABLE_OBJC_ARC = YES;
				CLANG_ENABLE_OBJC_WEAK = YES;
				CLANG_WARN_BLOCK_CAPTURE_AUTORELEASING = YES;
				CLANG_WARN_BOOL_CONVERSION = YES;
				CLANG_WARN_COMMA = YES;
				CLANG_WARN_CONSTANT_CONVERSION = YES;
				CLANG_WARN_DEPRECATED_OBJC_IMPLEMENTATIONS = YES;
				CLANG_WARN_DIRECT_OBJC_ISA_USAGE = YES_ERROR;
				CLANG_WARN_DOCUMENTATION_COMMENTS = YES;
				CLANG_WARN_EMPTY_BODY = YES;
				CLANG_WARN_ENUM_CONVERSION = YES;
				CLANG_WARN_INFINITE_RECURSION = YES;
				CLANG_WARN_INT_CONVERSION = YES;
				CLANG_WARN_NON_LITERAL_NULL_CONVERSION = YES;
				CLANG_WARN_OBJC_IMPLICIT_RETAIN_SELF = YES;
				CLANG_WARN_OBJC_LITERAL_CONVERSION = YES;
				CLANG_WARN_OBJC_ROOT_CLASS = YES_ERROR;
				CLANG_WARN_QUOTED_INCLUDE_IN_FRAMEWORK_HEADER = YES;
				CLANG_WARN_RANGE_LOOP_ANALYSIS = YES;
				CLANG_WARN_STRICT_PROTOTYPES = YES;
				CLANG_WARN_SUSPICIOUS_MOVE = YES;
				CLANG_WARN_UNGUARDED_AVAILABILITY = YES_AGGRESSIVE;
				CLANG_WARN_UNREACHABLE_CODE = YES;
				CLANG_WARN__DUPLICATE_METHOD_MATCH = YES;
				COPY_PHASE_STRIP = NO;
				CURRENT_PROJECT_VERSION = 1;
				DEBUG_INFORMATION_FORMAT = dwarf;
				ENABLE_STRICT_OBJC_MSGSEND = YES;
				ENABLE_TESTABILITY = YES;
				GCC_C_LANGUAGE_STANDARD = gnu11;
				GCC_DYNAMIC_NO_PIC = NO;
				GCC_NO_COMMON_BLOCKS = YES;
				GCC_OPTIMIZATION_LEVEL = 0;
				GCC_PREPROCESSOR_DEFINITIONS = (
					"DEBUG=1",
					"$(inherited)",
				);
				GCC_WARN_64_TO_32_BIT_CONVERSION = YES;
				GCC_WARN_ABOUT_RETURN_TYPE = YES_ERROR;
				GCC_WARN_UNDECLARED_SELECTOR = YES;
				GCC_WARN_UNINITIALIZED_AUTOS = YES_AGGRESSIVE;
				GCC_WARN_UNUSED_FUNCTION = YES;
				GCC_WARN_UNUSED_VARIABLE = YES;
				IPHONEOS_DEPLOYMENT_TARGET = 13.2;
				MTL_ENABLE_DEBUG_INFO = INCLUDE_SOURCE;
				MTL_FAST_MATH = YES;
				ONLY_ACTIVE_ARCH = YES;
				SDKROOT = iphoneos;
				SWIFT_ACTIVE_COMPILATION_CONDITIONS = DEBUG;
				SWIFT_OPTIMIZATION_LEVEL = "-Onone";
				VERSIONING_SYSTEM = "apple-generic";
				VERSION_INFO_PREFIX = "";
			};
			name = Debug;
		};
		B1169DCB23940E7700E9A177 /* Release */ = {
			isa = XCBuildConfiguration;
			buildSettings = {
				ALWAYS_SEARCH_USER_PATHS = NO;
				CLANG_ANALYZER_NONNULL = YES;
				CLANG_ANALYZER_NUMBER_OBJECT_CONVERSION = YES_AGGRESSIVE;
				CLANG_CXX_LANGUAGE_STANDARD = "gnu++14";
				CLANG_CXX_LIBRARY = "libc++";
				CLANG_ENABLE_MODULES = YES;
				CLANG_ENABLE_OBJC_ARC = YES;
				CLANG_ENABLE_OBJC_WEAK = YES;
				CLANG_WARN_BLOCK_CAPTURE_AUTORELEASING = YES;
				CLANG_WARN_BOOL_CONVERSION = YES;
				CLANG_WARN_COMMA = YES;
				CLANG_WARN_CONSTANT_CONVERSION = YES;
				CLANG_WARN_DEPRECATED_OBJC_IMPLEMENTATIONS = YES;
				CLANG_WARN_DIRECT_OBJC_ISA_USAGE = YES_ERROR;
				CLANG_WARN_DOCUMENTATION_COMMENTS = YES;
				CLANG_WARN_EMPTY_BODY = YES;
				CLANG_WARN_ENUM_CONVERSION = YES;
				CLANG_WARN_INFINITE_RECURSION = YES;
				CLANG_WARN_INT_CONVERSION = YES;
				CLANG_WARN_NON_LITERAL_NULL_CONVERSION = YES;
				CLANG_WARN_OBJC_IMPLICIT_RETAIN_SELF = YES;
				CLANG_WARN_OBJC_LITERAL_CONVERSION = YES;
				CLANG_WARN_OBJC_ROOT_CLASS = YES_ERROR;
				CLANG_WARN_QUOTED_INCLUDE_IN_FRAMEWORK_HEADER = YES;
				CLANG_WARN_RANGE_LOOP_ANALYSIS = YES;
				CLANG_WARN_STRICT_PROTOTYPES = YES;
				CLANG_WARN_SUSPICIOUS_MOVE = YES;
				CLANG_WARN_UNGUARDED_AVAILABILITY = YES_AGGRESSIVE;
				CLANG_WARN_UNREACHABLE_CODE = YES;
				CLANG_WARN__DUPLICATE_METHOD_MATCH = YES;
				COPY_PHASE_STRIP = NO;
				CURRENT_PROJECT_VERSION = 1;
				DEBUG_INFORMATION_FORMAT = "dwarf-with-dsym";
				ENABLE_NS_ASSERTIONS = NO;
				ENABLE_STRICT_OBJC_MSGSEND = YES;
				GCC_C_LANGUAGE_STANDARD = gnu11;
				GCC_NO_COMMON_BLOCKS = YES;
				GCC_WARN_64_TO_32_BIT_CONVERSION = YES;
				GCC_WARN_ABOUT_RETURN_TYPE = YES_ERROR;
				GCC_WARN_UNDECLARED_SELECTOR = YES;
				GCC_WARN_UNINITIALIZED_AUTOS = YES_AGGRESSIVE;
				GCC_WARN_UNUSED_FUNCTION = YES;
				GCC_WARN_UNUSED_VARIABLE = YES;
				IPHONEOS_DEPLOYMENT_TARGET = 13.2;
				MTL_ENABLE_DEBUG_INFO = NO;
				MTL_FAST_MATH = YES;
				SDKROOT = iphoneos;
				SWIFT_COMPILATION_MODE = wholemodule;
				SWIFT_OPTIMIZATION_LEVEL = "-O";
				VALIDATE_PRODUCT = YES;
				VERSIONING_SYSTEM = "apple-generic";
				VERSION_INFO_PREFIX = "";
			};
			name = Release;
		};
		B1169DCD23940E7700E9A177 /* Debug */ = {
			isa = XCBuildConfiguration;
			buildSettings = {
				CODE_SIGN_STYLE = Automatic;
				DEFINES_MODULE = YES;
				DYLIB_COMPATIBILITY_VERSION = 1;
				DYLIB_CURRENT_VERSION = 1;
				DYLIB_INSTALL_NAME_BASE = "@rpath";
				INFOPLIST_FILE = AOC2019/Info.plist;
				INSTALL_PATH = "$(LOCAL_LIBRARY_DIR)/Frameworks";
				LD_RUNPATH_SEARCH_PATHS = (
					"$(inherited)",
					"@executable_path/Frameworks",
					"@loader_path/Frameworks",
				);
				PRODUCT_BUNDLE_IDENTIFIER = com.type440.AOC2019;
				PRODUCT_NAME = "$(TARGET_NAME:c99extidentifier)";
				SKIP_INSTALL = YES;
				SWIFT_VERSION = 5.0;
				TARGETED_DEVICE_FAMILY = "1,2";
			};
			name = Debug;
		};
		B1169DCE23940E7700E9A177 /* Release */ = {
			isa = XCBuildConfiguration;
			buildSettings = {
				CODE_SIGN_STYLE = Automatic;
				DEFINES_MODULE = YES;
				DYLIB_COMPATIBILITY_VERSION = 1;
				DYLIB_CURRENT_VERSION = 1;
				DYLIB_INSTALL_NAME_BASE = "@rpath";
				INFOPLIST_FILE = AOC2019/Info.plist;
				INSTALL_PATH = "$(LOCAL_LIBRARY_DIR)/Frameworks";
				LD_RUNPATH_SEARCH_PATHS = (
					"$(inherited)",
					"@executable_path/Frameworks",
					"@loader_path/Frameworks",
				);
				PRODUCT_BUNDLE_IDENTIFIER = com.type440.AOC2019;
				PRODUCT_NAME = "$(TARGET_NAME:c99extidentifier)";
				SKIP_INSTALL = YES;
				SWIFT_VERSION = 5.0;
				TARGETED_DEVICE_FAMILY = "1,2";
			};
			name = Release;
		};
		B1169DD023940E7700E9A177 /* Debug */ = {
			isa = XCBuildConfiguration;
			buildSettings = {
				ALWAYS_EMBED_SWIFT_STANDARD_LIBRARIES = YES;
				CODE_SIGN_STYLE = Automatic;
				INFOPLIST_FILE = AOC2019Tests/Info.plist;
				LD_RUNPATH_SEARCH_PATHS = (
					"$(inherited)",
					"@executable_path/Frameworks",
					"@loader_path/Frameworks",
				);
				PRODUCT_BUNDLE_IDENTIFIER = com.type440.AOC2019Tests;
				PRODUCT_NAME = "$(TARGET_NAME)";
				SWIFT_VERSION = 5.0;
				TARGETED_DEVICE_FAMILY = "1,2";
			};
			name = Debug;
		};
		B1169DD123940E7700E9A177 /* Release */ = {
			isa = XCBuildConfiguration;
			buildSettings = {
				ALWAYS_EMBED_SWIFT_STANDARD_LIBRARIES = YES;
				CODE_SIGN_STYLE = Automatic;
				INFOPLIST_FILE = AOC2019Tests/Info.plist;
				LD_RUNPATH_SEARCH_PATHS = (
					"$(inherited)",
					"@executable_path/Frameworks",
					"@loader_path/Frameworks",
				);
				PRODUCT_BUNDLE_IDENTIFIER = com.type440.AOC2019Tests;
				PRODUCT_NAME = "$(TARGET_NAME)";
				SWIFT_VERSION = 5.0;
				TARGETED_DEVICE_FAMILY = "1,2";
			};
			name = Release;
		};
/* End XCBuildConfiguration section */

/* Begin XCConfigurationList section */
		B1169DB223940E7700E9A177 /* Build configuration list for PBXProject "AOC2019" */ = {
			isa = XCConfigurationList;
			buildConfigurations = (
				B1169DCA23940E7700E9A177 /* Debug */,
				B1169DCB23940E7700E9A177 /* Release */,
			);
			defaultConfigurationIsVisible = 0;
			defaultConfigurationName = Release;
		};
		B1169DCC23940E7700E9A177 /* Build configuration list for PBXNativeTarget "AOC2019" */ = {
			isa = XCConfigurationList;
			buildConfigurations = (
				B1169DCD23940E7700E9A177 /* Debug */,
				B1169DCE23940E7700E9A177 /* Release */,
			);
			defaultConfigurationIsVisible = 0;
			defaultConfigurationName = Release;
		};
		B1169DCF23940E7700E9A177 /* Build configuration list for PBXNativeTarget "AOC2019Tests" */ = {
			isa = XCConfigurationList;
			buildConfigurations = (
				B1169DD023940E7700E9A177 /* Debug */,
				B1169DD123940E7700E9A177 /* Release */,
			);
			defaultConfigurationIsVisible = 0;
			defaultConfigurationName = Release;
		};
/* End XCConfigurationList section */
	};
	rootObject = B1169DAF23940E7700E9A177 /* Project object */;
}
