// !$*UTF8*$!
{
	archiveVersion = 1;
	classes = {
	};
	objectVersion = 50;
	objects = {

/* Begin PBXBuildFile section */
		B100CFE721B80D0500FB007F /* Exploded.swift in Sources */ = {isa = PBXBuildFile; fileRef = B100CFE621B80D0500FB007F /* Exploded.swift */; };
		B100CFE921B860D000FB007F /* CharacterLists.swift in Sources */ = {isa = PBXBuildFile; fileRef = B100CFE821B860D000FB007F /* CharacterLists.swift */; };
		B100CFEB21B8622900FB007F /* Stripping.swift in Sources */ = {isa = PBXBuildFile; fileRef = B100CFEA21B8622900FB007F /* Stripping.swift */; };
		B113B78C21B34D0E00D2B9F5 /* AOC2018.framework in Frameworks */ = {isa = PBXBuildFile; fileRef = B113B78221B34D0E00D2B9F5 /* AOC2018.framework */; };
		B113B79321B34D0E00D2B9F5 /* AOC2018.h in Headers */ = {isa = PBXBuildFile; fileRef = B113B78521B34D0E00D2B9F5 /* AOC2018.h */; settings = {ATTRIBUTES = (Public, ); }; };
		B113B7A421B34DB200D2B9F5 /* Day1.swift in Sources */ = {isa = PBXBuildFile; fileRef = B113B7A321B34DB200D2B9F5 /* Day1.swift */; };
		B113B7A621B34DB800D2B9F5 /* Day2.swift in Sources */ = {isa = PBXBuildFile; fileRef = B113B7A521B34DB800D2B9F5 /* Day2.swift */; };
		B113B7AA21B34DE200D2B9F5 /* Cycled.swift in Sources */ = {isa = PBXBuildFile; fileRef = B113B7A921B34DE200D2B9F5 /* Cycled.swift */; };
		B113B7AC21B34DFA00D2B9F5 /* Day.swift in Sources */ = {isa = PBXBuildFile; fileRef = B113B7AB21B34DFA00D2B9F5 /* Day.swift */; };
		B113B7AE21B34F9100D2B9F5 /* Input.swift in Sources */ = {isa = PBXBuildFile; fileRef = B113B7AD21B34F9100D2B9F5 /* Input.swift */; };
		B113B7B521B381B200D2B9F5 /* Day2Tests.swift in Sources */ = {isa = PBXBuildFile; fileRef = B113B7B121B3819800D2B9F5 /* Day2Tests.swift */; };
		B113B7B621B381B400D2B9F5 /* Day1Tests.swift in Sources */ = {isa = PBXBuildFile; fileRef = B113B7B321B3819C00D2B9F5 /* Day1Tests.swift */; };
		B163851421B3A6F90011B7D4 /* CountElements.swift in Sources */ = {isa = PBXBuildFile; fileRef = B163851321B3A6F90011B7D4 /* CountElements.swift */; };
		B163851621B3A72F0011B7D4 /* CountWhere.swift in Sources */ = {isa = PBXBuildFile; fileRef = B163851521B3A72F0011B7D4 /* CountWhere.swift */; };
		B163851821B471EC0011B7D4 /* IntersectionOfStrings.swift in Sources */ = {isa = PBXBuildFile; fileRef = B163851721B471EC0011B7D4 /* IntersectionOfStrings.swift */; };
		B163851A21B4724C0011B7D4 /* StringDistance.swift in Sources */ = {isa = PBXBuildFile; fileRef = B163851921B4724C0011B7D4 /* StringDistance.swift */; };
		B163851F21B566150011B7D4 /* Day3.swift in Sources */ = {isa = PBXBuildFile; fileRef = B163851E21B566150011B7D4 /* Day3.swift */; };
		B163852121B5661B0011B7D4 /* Day3Tests.swift in Sources */ = {isa = PBXBuildFile; fileRef = B163852021B5661B0011B7D4 /* Day3Tests.swift */; };
		B163852321B5BE110011B7D4 /* IntersectingPoints.swift in Sources */ = {isa = PBXBuildFile; fileRef = B163852221B5BE110011B7D4 /* IntersectingPoints.swift */; };
		B163852521B5BEF40011B7D4 /* Unique.swift in Sources */ = {isa = PBXBuildFile; fileRef = B163852421B5BEF40011B7D4 /* Unique.swift */; };
		B163852C21B5D0810011B7D4 /* Regex.swift in Sources */ = {isa = PBXBuildFile; fileRef = B163852B21B5D0810011B7D4 /* Regex.swift */; };
		B163853121B624A00011B7D4 /* Day4.swift in Sources */ = {isa = PBXBuildFile; fileRef = B163852E21B624A00011B7D4 /* Day4.swift */; };
		B163858A21B6253E0011B7D4 /* 8.swift in Sources */ = {isa = PBXBuildFile; fileRef = B163853721B6253C0011B7D4 /* 8.swift */; };
		B163858D21B6253E0011B7D4 /* Day10.swift in Sources */ = {isa = PBXBuildFile; fileRef = B163853B21B6253C0011B7D4 /* Day10.swift */; };
		B163859021B6253E0011B7D4 /* Day19.swift in Sources */ = {isa = PBXBuildFile; fileRef = B163853F21B6253C0011B7D4 /* Day19.swift */; };
		B163859321B6253E0011B7D4 /* Day12.swift in Sources */ = {isa = PBXBuildFile; fileRef = B163854321B6253C0011B7D4 /* Day12.swift */; };
		B163859621B6253E0011B7D4 /* Day7.swift in Sources */ = {isa = PBXBuildFile; fileRef = B163854721B6253C0011B7D4 /* Day7.swift */; };
		B163859921B6253E0011B7D4 /* Day5.swift in Sources */ = {isa = PBXBuildFile; fileRef = B163854B21B6253C0011B7D4 /* Day5.swift */; };
		B163859C21B6253E0011B7D4 /* Day23.swift in Sources */ = {isa = PBXBuildFile; fileRef = B163854F21B6253C0011B7D4 /* Day23.swift */; };
		B163859F21B6253E0011B7D4 /* Day13.swift in Sources */ = {isa = PBXBuildFile; fileRef = B163855321B6253C0011B7D4 /* Day13.swift */; };
		B16385A221B6253E0011B7D4 /* Day14.swift in Sources */ = {isa = PBXBuildFile; fileRef = B163855721B6253C0011B7D4 /* Day14.swift */; };
		B16385A521B6253E0011B7D4 /* Day16.swift in Sources */ = {isa = PBXBuildFile; fileRef = B163855B21B6253C0011B7D4 /* Day16.swift */; };
		B16385A821B6253E0011B7D4 /* Day9.swift in Sources */ = {isa = PBXBuildFile; fileRef = B163855F21B6253C0011B7D4 /* Day9.swift */; };
		B16385AB21B6253E0011B7D4 /* Day17.swift in Sources */ = {isa = PBXBuildFile; fileRef = B163856321B6253C0011B7D4 /* Day17.swift */; };
		B16385AE21B6253E0011B7D4 /* Day24.swift in Sources */ = {isa = PBXBuildFile; fileRef = B163856721B6253D0011B7D4 /* Day24.swift */; };
		B16385B121B6253E0011B7D4 /* Day15.swift in Sources */ = {isa = PBXBuildFile; fileRef = B163856B21B6253D0011B7D4 /* Day15.swift */; };
		B16385B421B6253E0011B7D4 /* Day20.swift in Sources */ = {isa = PBXBuildFile; fileRef = B163856F21B6253D0011B7D4 /* Day20.swift */; };
		B16385B721B6253E0011B7D4 /* Day25.swift in Sources */ = {isa = PBXBuildFile; fileRef = B163857321B6253D0011B7D4 /* Day25.swift */; };
		B16385BA21B6253E0011B7D4 /* Day11.swift in Sources */ = {isa = PBXBuildFile; fileRef = B163857721B6253D0011B7D4 /* Day11.swift */; };
		B16385BD21B6253E0011B7D4 /* Day6.swift in Sources */ = {isa = PBXBuildFile; fileRef = B163857B21B6253D0011B7D4 /* Day6.swift */; };
		B16385C021B6253E0011B7D4 /* Day18.swift in Sources */ = {isa = PBXBuildFile; fileRef = B163857F21B6253D0011B7D4 /* Day18.swift */; };
		B16385C321B6253E0011B7D4 /* Day21.swift in Sources */ = {isa = PBXBuildFile; fileRef = B163858321B6253D0011B7D4 /* Day21.swift */; };
		B16385C621B6253E0011B7D4 /* Day22.swift in Sources */ = {isa = PBXBuildFile; fileRef = B163858721B6253D0011B7D4 /* Day22.swift */; };
		B16385C721B626FD0011B7D4 /* Day15Tests.swift in Sources */ = {isa = PBXBuildFile; fileRef = B163856921B6253D0011B7D4 /* Day15Tests.swift */; };
		B16385C921B627120011B7D4 /* Day5Tests.swift in Sources */ = {isa = PBXBuildFile; fileRef = B163854921B6253C0011B7D4 /* Day5Tests.swift */; };
		B16385CA21B627120011B7D4 /* Day6Tests.swift in Sources */ = {isa = PBXBuildFile; fileRef = B163857921B6253D0011B7D4 /* Day6Tests.swift */; };
		B16385CB21B627120011B7D4 /* Day7Tests.swift in Sources */ = {isa = PBXBuildFile; fileRef = B163854521B6253C0011B7D4 /* Day7Tests.swift */; };
		B16385CC21B627120011B7D4 /* Day8Tests.swift in Sources */ = {isa = PBXBuildFile; fileRef = B163853521B6253C0011B7D4 /* Day8Tests.swift */; };
		B16385CD21B627120011B7D4 /* Day9Tests.swift in Sources */ = {isa = PBXBuildFile; fileRef = B163855D21B6253C0011B7D4 /* Day9Tests.swift */; };
		B16385CE21B627120011B7D4 /* Day10Tests.swift in Sources */ = {isa = PBXBuildFile; fileRef = B163853921B6253C0011B7D4 /* Day10Tests.swift */; };
		B16385CF21B627120011B7D4 /* Day11Tests.swift in Sources */ = {isa = PBXBuildFile; fileRef = B163857521B6253D0011B7D4 /* Day11Tests.swift */; };
		B16385D021B627120011B7D4 /* Day12Tests.swift in Sources */ = {isa = PBXBuildFile; fileRef = B163854121B6253C0011B7D4 /* Day12Tests.swift */; };
		B16385D121B627120011B7D4 /* Day13Tests.swift in Sources */ = {isa = PBXBuildFile; fileRef = B163855121B6253C0011B7D4 /* Day13Tests.swift */; };
		B16385D221B627120011B7D4 /* Day14Tests.swift in Sources */ = {isa = PBXBuildFile; fileRef = B163855521B6253C0011B7D4 /* Day14Tests.swift */; };
		B16385D321B627120011B7D4 /* Day16Tests.swift in Sources */ = {isa = PBXBuildFile; fileRef = B163855921B6253C0011B7D4 /* Day16Tests.swift */; };
		B16385D421B627120011B7D4 /* Day17Tests.swift in Sources */ = {isa = PBXBuildFile; fileRef = B163856121B6253C0011B7D4 /* Day17Tests.swift */; };
		B16385D521B627120011B7D4 /* Day18Tests.swift in Sources */ = {isa = PBXBuildFile; fileRef = B163857D21B6253D0011B7D4 /* Day18Tests.swift */; };
		B16385D621B627120011B7D4 /* Day19Tests.swift in Sources */ = {isa = PBXBuildFile; fileRef = B163853D21B6253C0011B7D4 /* Day19Tests.swift */; };
		B16385D721B627120011B7D4 /* Day20Tests.swift in Sources */ = {isa = PBXBuildFile; fileRef = B163856D21B6253D0011B7D4 /* Day20Tests.swift */; };
		B16385D821B627120011B7D4 /* Day21Tests.swift in Sources */ = {isa = PBXBuildFile; fileRef = B163858121B6253D0011B7D4 /* Day21Tests.swift */; };
		B16385D921B627120011B7D4 /* Day22Tests.swift in Sources */ = {isa = PBXBuildFile; fileRef = B163858521B6253D0011B7D4 /* Day22Tests.swift */; };
		B16385DA21B627120011B7D4 /* Day23Tests.swift in Sources */ = {isa = PBXBuildFile; fileRef = B163854D21B6253C0011B7D4 /* Day23Tests.swift */; };
		B16385DB21B627120011B7D4 /* Day24Tests.swift in Sources */ = {isa = PBXBuildFile; fileRef = B163856521B6253D0011B7D4 /* Day24Tests.swift */; };
		B16385DC21B627120011B7D4 /* Day25Tests.swift in Sources */ = {isa = PBXBuildFile; fileRef = B163857121B6253D0011B7D4 /* Day25Tests.swift */; };
		B16385DD21B627180011B7D4 /* Day4Tests.swift in Sources */ = {isa = PBXBuildFile; fileRef = B163852F21B624A00011B7D4 /* Day4Tests.swift */; };
		B1C620D521BCC57000FB2506 /* AllPoints.swift in Sources */ = {isa = PBXBuildFile; fileRef = B1C620D421BCC57000FB2506 /* AllPoints.swift */; };
		B1C620D721BCC5FB00FB2506 /* BorderPoints.swift in Sources */ = {isa = PBXBuildFile; fileRef = B1C620D621BCC5FB00FB2506 /* BorderPoints.swift */; };
		B1C620D921BCCAB400FB2506 /* TimeElapsed.swift in Sources */ = {isa = PBXBuildFile; fileRef = B1C620D821BCCAB400FB2506 /* TimeElapsed.swift */; };
/* End PBXBuildFile section */

/* Begin PBXContainerItemProxy section */
		B113B78D21B34D0E00D2B9F5 /* PBXContainerItemProxy */ = {
			isa = PBXContainerItemProxy;
			containerPortal = B113B77921B34D0D00D2B9F5 /* Project object */;
			proxyType = 1;
			remoteGlobalIDString = B113B78121B34D0E00D2B9F5;
			remoteInfo = AOC2018;
		};
/* End PBXContainerItemProxy section */

/* Begin PBXFileReference section */
		B100CFE621B80D0500FB007F /* Exploded.swift */ = {isa = PBXFileReference; lastKnownFileType = sourcecode.swift; path = Exploded.swift; sourceTree = "<group>"; };
		B100CFE821B860D000FB007F /* CharacterLists.swift */ = {isa = PBXFileReference; lastKnownFileType = sourcecode.swift; path = CharacterLists.swift; sourceTree = "<group>"; };
		B100CFEA21B8622900FB007F /* Stripping.swift */ = {isa = PBXFileReference; lastKnownFileType = sourcecode.swift; path = Stripping.swift; sourceTree = "<group>"; };
		B113B78221B34D0E00D2B9F5 /* AOC2018.framework */ = {isa = PBXFileReference; explicitFileType = wrapper.framework; includeInIndex = 0; path = AOC2018.framework; sourceTree = BUILT_PRODUCTS_DIR; };
		B113B78521B34D0E00D2B9F5 /* AOC2018.h */ = {isa = PBXFileReference; lastKnownFileType = sourcecode.c.h; path = AOC2018.h; sourceTree = "<group>"; };
		B113B78621B34D0E00D2B9F5 /* Info.plist */ = {isa = PBXFileReference; lastKnownFileType = text.plist.xml; path = Info.plist; sourceTree = "<group>"; };
		B113B78B21B34D0E00D2B9F5 /* AOC2018Tests.xctest */ = {isa = PBXFileReference; explicitFileType = wrapper.cfbundle; includeInIndex = 0; path = AOC2018Tests.xctest; sourceTree = BUILT_PRODUCTS_DIR; };
		B113B79221B34D0E00D2B9F5 /* Info.plist */ = {isa = PBXFileReference; lastKnownFileType = text.plist.xml; path = Info.plist; sourceTree = "<group>"; };
		B113B79F21B34DA000D2B9F5 /* input */ = {isa = PBXFileReference; lastKnownFileType = text; path = input; sourceTree = "<group>"; };
		B113B7A121B34DA900D2B9F5 /* input */ = {isa = PBXFileReference; lastKnownFileType = text; path = input; sourceTree = "<group>"; };
		B113B7A321B34DB200D2B9F5 /* Day1.swift */ = {isa = PBXFileReference; lastKnownFileType = sourcecode.swift; path = Day1.swift; sourceTree = "<group>"; };
		B113B7A521B34DB800D2B9F5 /* Day2.swift */ = {isa = PBXFileReference; lastKnownFileType = sourcecode.swift; path = Day2.swift; sourceTree = "<group>"; };
		B113B7A921B34DE200D2B9F5 /* Cycled.swift */ = {isa = PBXFileReference; lastKnownFileType = sourcecode.swift; path = Cycled.swift; sourceTree = "<group>"; };
		B113B7AB21B34DFA00D2B9F5 /* Day.swift */ = {isa = PBXFileReference; lastKnownFileType = sourcecode.swift; path = Day.swift; sourceTree = "<group>"; };
		B113B7AD21B34F9100D2B9F5 /* Input.swift */ = {isa = PBXFileReference; lastKnownFileType = sourcecode.swift; path = Input.swift; sourceTree = "<group>"; };
		B113B7B121B3819800D2B9F5 /* Day2Tests.swift */ = {isa = PBXFileReference; fileEncoding = 4; lastKnownFileType = sourcecode.swift; path = Day2Tests.swift; sourceTree = "<group>"; };
		B113B7B321B3819C00D2B9F5 /* Day1Tests.swift */ = {isa = PBXFileReference; fileEncoding = 4; lastKnownFileType = sourcecode.swift; path = Day1Tests.swift; sourceTree = "<group>"; };
		B163851321B3A6F90011B7D4 /* CountElements.swift */ = {isa = PBXFileReference; lastKnownFileType = sourcecode.swift; path = CountElements.swift; sourceTree = "<group>"; };
		B163851521B3A72F0011B7D4 /* CountWhere.swift */ = {isa = PBXFileReference; lastKnownFileType = sourcecode.swift; path = CountWhere.swift; sourceTree = "<group>"; };
		B163851721B471EC0011B7D4 /* IntersectionOfStrings.swift */ = {isa = PBXFileReference; lastKnownFileType = sourcecode.swift; path = IntersectionOfStrings.swift; sourceTree = "<group>"; };
		B163851921B4724C0011B7D4 /* StringDistance.swift */ = {isa = PBXFileReference; lastKnownFileType = sourcecode.swift; path = StringDistance.swift; sourceTree = "<group>"; };
		B163851C21B5660B0011B7D4 /* input */ = {isa = PBXFileReference; lastKnownFileType = text; path = input; sourceTree = "<group>"; };
		B163851E21B566150011B7D4 /* Day3.swift */ = {isa = PBXFileReference; lastKnownFileType = sourcecode.swift; path = Day3.swift; sourceTree = "<group>"; };
		B163852021B5661B0011B7D4 /* Day3Tests.swift */ = {isa = PBXFileReference; lastKnownFileType = sourcecode.swift; path = Day3Tests.swift; sourceTree = "<group>"; };
		B163852221B5BE110011B7D4 /* IntersectingPoints.swift */ = {isa = PBXFileReference; lastKnownFileType = sourcecode.swift; path = IntersectingPoints.swift; sourceTree = "<group>"; };
		B163852421B5BEF40011B7D4 /* Unique.swift */ = {isa = PBXFileReference; lastKnownFileType = sourcecode.swift; path = Unique.swift; sourceTree = "<group>"; };
		B163852B21B5D0810011B7D4 /* Regex.swift */ = {isa = PBXFileReference; lastKnownFileType = sourcecode.swift; path = Regex.swift; sourceTree = "<group>"; };
		B163852E21B624A00011B7D4 /* Day4.swift */ = {isa = PBXFileReference; fileEncoding = 4; lastKnownFileType = sourcecode.swift; path = Day4.swift; sourceTree = "<group>"; };
		B163852F21B624A00011B7D4 /* Day4Tests.swift */ = {isa = PBXFileReference; fileEncoding = 4; lastKnownFileType = sourcecode.swift; path = Day4Tests.swift; sourceTree = "<group>"; };
		B163853021B624A00011B7D4 /* input */ = {isa = PBXFileReference; fileEncoding = 4; lastKnownFileType = text; path = input; sourceTree = "<group>"; };
		B163853521B6253C0011B7D4 /* Day8Tests.swift */ = {isa = PBXFileReference; fileEncoding = 4; lastKnownFileType = sourcecode.swift; path = Day8Tests.swift; sourceTree = "<group>"; };
		B163853621B6253C0011B7D4 /* input */ = {isa = PBXFileReference; fileEncoding = 4; lastKnownFileType = text; path = input; sourceTree = "<group>"; };
		B163853721B6253C0011B7D4 /* 8.swift */ = {isa = PBXFileReference; fileEncoding = 4; lastKnownFileType = sourcecode.swift; path = 8.swift; sourceTree = "<group>"; };
		B163853921B6253C0011B7D4 /* Day10Tests.swift */ = {isa = PBXFileReference; fileEncoding = 4; lastKnownFileType = sourcecode.swift; path = Day10Tests.swift; sourceTree = "<group>"; };
		B163853A21B6253C0011B7D4 /* input */ = {isa = PBXFileReference; fileEncoding = 4; lastKnownFileType = text; path = input; sourceTree = "<group>"; };
		B163853B21B6253C0011B7D4 /* Day10.swift */ = {isa = PBXFileReference; fileEncoding = 4; lastKnownFileType = sourcecode.swift; path = Day10.swift; sourceTree = "<group>"; };
		B163853D21B6253C0011B7D4 /* Day19Tests.swift */ = {isa = PBXFileReference; fileEncoding = 4; lastKnownFileType = sourcecode.swift; path = Day19Tests.swift; sourceTree = "<group>"; };
		B163853E21B6253C0011B7D4 /* input */ = {isa = PBXFileReference; fileEncoding = 4; lastKnownFileType = text; path = input; sourceTree = "<group>"; };
		B163853F21B6253C0011B7D4 /* Day19.swift */ = {isa = PBXFileReference; fileEncoding = 4; lastKnownFileType = sourcecode.swift; path = Day19.swift; sourceTree = "<group>"; };
		B163854121B6253C0011B7D4 /* Day12Tests.swift */ = {isa = PBXFileReference; fileEncoding = 4; lastKnownFileType = sourcecode.swift; path = Day12Tests.swift; sourceTree = "<group>"; };
		B163854221B6253C0011B7D4 /* input */ = {isa = PBXFileReference; fileEncoding = 4; lastKnownFileType = text; path = input; sourceTree = "<group>"; };
		B163854321B6253C0011B7D4 /* Day12.swift */ = {isa = PBXFileReference; fileEncoding = 4; lastKnownFileType = sourcecode.swift; path = Day12.swift; sourceTree = "<group>"; };
		B163854521B6253C0011B7D4 /* Day7Tests.swift */ = {isa = PBXFileReference; fileEncoding = 4; lastKnownFileType = sourcecode.swift; path = Day7Tests.swift; sourceTree = "<group>"; };
		B163854621B6253C0011B7D4 /* input */ = {isa = PBXFileReference; fileEncoding = 4; lastKnownFileType = text; path = input; sourceTree = "<group>"; };
		B163854721B6253C0011B7D4 /* Day7.swift */ = {isa = PBXFileReference; fileEncoding = 4; lastKnownFileType = sourcecode.swift; path = Day7.swift; sourceTree = "<group>"; };
		B163854921B6253C0011B7D4 /* Day5Tests.swift */ = {isa = PBXFileReference; fileEncoding = 4; lastKnownFileType = sourcecode.swift; path = Day5Tests.swift; sourceTree = "<group>"; };
		B163854A21B6253C0011B7D4 /* input */ = {isa = PBXFileReference; fileEncoding = 4; lastKnownFileType = text; path = input; sourceTree = "<group>"; };
		B163854B21B6253C0011B7D4 /* Day5.swift */ = {isa = PBXFileReference; fileEncoding = 4; lastKnownFileType = sourcecode.swift; path = Day5.swift; sourceTree = "<group>"; };
		B163854D21B6253C0011B7D4 /* Day23Tests.swift */ = {isa = PBXFileReference; fileEncoding = 4; lastKnownFileType = sourcecode.swift; path = Day23Tests.swift; sourceTree = "<group>"; };
		B163854E21B6253C0011B7D4 /* input */ = {isa = PBXFileReference; fileEncoding = 4; lastKnownFileType = text; path = input; sourceTree = "<group>"; };
		B163854F21B6253C0011B7D4 /* Day23.swift */ = {isa = PBXFileReference; fileEncoding = 4; lastKnownFileType = sourcecode.swift; path = Day23.swift; sourceTree = "<group>"; };
		B163855121B6253C0011B7D4 /* Day13Tests.swift */ = {isa = PBXFileReference; fileEncoding = 4; lastKnownFileType = sourcecode.swift; path = Day13Tests.swift; sourceTree = "<group>"; };
		B163855221B6253C0011B7D4 /* input */ = {isa = PBXFileReference; fileEncoding = 4; lastKnownFileType = text; path = input; sourceTree = "<group>"; };
		B163855321B6253C0011B7D4 /* Day13.swift */ = {isa = PBXFileReference; fileEncoding = 4; lastKnownFileType = sourcecode.swift; path = Day13.swift; sourceTree = "<group>"; };
		B163855521B6253C0011B7D4 /* Day14Tests.swift */ = {isa = PBXFileReference; fileEncoding = 4; lastKnownFileType = sourcecode.swift; path = Day14Tests.swift; sourceTree = "<group>"; };
		B163855621B6253C0011B7D4 /* input */ = {isa = PBXFileReference; fileEncoding = 4; lastKnownFileType = text; path = input; sourceTree = "<group>"; };
		B163855721B6253C0011B7D4 /* Day14.swift */ = {isa = PBXFileReference; fileEncoding = 4; lastKnownFileType = sourcecode.swift; path = Day14.swift; sourceTree = "<group>"; };
		B163855921B6253C0011B7D4 /* Day16Tests.swift */ = {isa = PBXFileReference; fileEncoding = 4; lastKnownFileType = sourcecode.swift; path = Day16Tests.swift; sourceTree = "<group>"; };
		B163855A21B6253C0011B7D4 /* input */ = {isa = PBXFileReference; fileEncoding = 4; lastKnownFileType = text; path = input; sourceTree = "<group>"; };
		B163855B21B6253C0011B7D4 /* Day16.swift */ = {isa = PBXFileReference; fileEncoding = 4; lastKnownFileType = sourcecode.swift; path = Day16.swift; sourceTree = "<group>"; };
		B163855D21B6253C0011B7D4 /* Day9Tests.swift */ = {isa = PBXFileReference; fileEncoding = 4; lastKnownFileType = sourcecode.swift; path = Day9Tests.swift; sourceTree = "<group>"; };
		B163855E21B6253C0011B7D4 /* input */ = {isa = PBXFileReference; fileEncoding = 4; lastKnownFileType = text; path = input; sourceTree = "<group>"; };
		B163855F21B6253C0011B7D4 /* Day9.swift */ = {isa = PBXFileReference; fileEncoding = 4; lastKnownFileType = sourcecode.swift; path = Day9.swift; sourceTree = "<group>"; };
		B163856121B6253C0011B7D4 /* Day17Tests.swift */ = {isa = PBXFileReference; fileEncoding = 4; lastKnownFileType = sourcecode.swift; path = Day17Tests.swift; sourceTree = "<group>"; };
		B163856221B6253C0011B7D4 /* input */ = {isa = PBXFileReference; fileEncoding = 4; lastKnownFileType = text; path = input; sourceTree = "<group>"; };
		B163856321B6253C0011B7D4 /* Day17.swift */ = {isa = PBXFileReference; fileEncoding = 4; lastKnownFileType = sourcecode.swift; path = Day17.swift; sourceTree = "<group>"; };
		B163856521B6253D0011B7D4 /* Day24Tests.swift */ = {isa = PBXFileReference; fileEncoding = 4; lastKnownFileType = sourcecode.swift; path = Day24Tests.swift; sourceTree = "<group>"; };
		B163856621B6253D0011B7D4 /* input */ = {isa = PBXFileReference; fileEncoding = 4; lastKnownFileType = text; path = input; sourceTree = "<group>"; };
		B163856721B6253D0011B7D4 /* Day24.swift */ = {isa = PBXFileReference; fileEncoding = 4; lastKnownFileType = sourcecode.swift; path = Day24.swift; sourceTree = "<group>"; };
		B163856921B6253D0011B7D4 /* Day15Tests.swift */ = {isa = PBXFileReference; fileEncoding = 4; lastKnownFileType = sourcecode.swift; path = Day15Tests.swift; sourceTree = "<group>"; };
		B163856A21B6253D0011B7D4 /* input */ = {isa = PBXFileReference; fileEncoding = 4; lastKnownFileType = text; path = input; sourceTree = "<group>"; };
		B163856B21B6253D0011B7D4 /* Day15.swift */ = {isa = PBXFileReference; fileEncoding = 4; lastKnownFileType = sourcecode.swift; path = Day15.swift; sourceTree = "<group>"; };
		B163856D21B6253D0011B7D4 /* Day20Tests.swift */ = {isa = PBXFileReference; fileEncoding = 4; lastKnownFileType = sourcecode.swift; path = Day20Tests.swift; sourceTree = "<group>"; };
		B163856E21B6253D0011B7D4 /* input */ = {isa = PBXFileReference; fileEncoding = 4; lastKnownFileType = text; path = input; sourceTree = "<group>"; };
		B163856F21B6253D0011B7D4 /* Day20.swift */ = {isa = PBXFileReference; fileEncoding = 4; lastKnownFileType = sourcecode.swift; path = Day20.swift; sourceTree = "<group>"; };
		B163857121B6253D0011B7D4 /* Day25Tests.swift */ = {isa = PBXFileReference; fileEncoding = 4; lastKnownFileType = sourcecode.swift; path = Day25Tests.swift; sourceTree = "<group>"; };
		B163857221B6253D0011B7D4 /* input */ = {isa = PBXFileReference; fileEncoding = 4; lastKnownFileType = text; path = input; sourceTree = "<group>"; };
		B163857321B6253D0011B7D4 /* Day25.swift */ = {isa = PBXFileReference; fileEncoding = 4; lastKnownFileType = sourcecode.swift; path = Day25.swift; sourceTree = "<group>"; };
		B163857521B6253D0011B7D4 /* Day11Tests.swift */ = {isa = PBXFileReference; fileEncoding = 4; lastKnownFileType = sourcecode.swift; path = Day11Tests.swift; sourceTree = "<group>"; };
		B163857621B6253D0011B7D4 /* input */ = {isa = PBXFileReference; fileEncoding = 4; lastKnownFileType = text; path = input; sourceTree = "<group>"; };
		B163857721B6253D0011B7D4 /* Day11.swift */ = {isa = PBXFileReference; fileEncoding = 4; lastKnownFileType = sourcecode.swift; path = Day11.swift; sourceTree = "<group>"; };
		B163857921B6253D0011B7D4 /* Day6Tests.swift */ = {isa = PBXFileReference; fileEncoding = 4; lastKnownFileType = sourcecode.swift; path = Day6Tests.swift; sourceTree = "<group>"; };
		B163857A21B6253D0011B7D4 /* input */ = {isa = PBXFileReference; fileEncoding = 4; lastKnownFileType = text; path = input; sourceTree = "<group>"; };
		B163857B21B6253D0011B7D4 /* Day6.swift */ = {isa = PBXFileReference; fileEncoding = 4; lastKnownFileType = sourcecode.swift; path = Day6.swift; sourceTree = "<group>"; };
		B163857D21B6253D0011B7D4 /* Day18Tests.swift */ = {isa = PBXFileReference; fileEncoding = 4; lastKnownFileType = sourcecode.swift; path = Day18Tests.swift; sourceTree = "<group>"; };
		B163857E21B6253D0011B7D4 /* input */ = {isa = PBXFileReference; fileEncoding = 4; lastKnownFileType = text; path = input; sourceTree = "<group>"; };
		B163857F21B6253D0011B7D4 /* Day18.swift */ = {isa = PBXFileReference; fileEncoding = 4; lastKnownFileType = sourcecode.swift; path = Day18.swift; sourceTree = "<group>"; };
		B163858121B6253D0011B7D4 /* Day21Tests.swift */ = {isa = PBXFileReference; fileEncoding = 4; lastKnownFileType = sourcecode.swift; path = Day21Tests.swift; sourceTree = "<group>"; };
		B163858221B6253D0011B7D4 /* input */ = {isa = PBXFileReference; fileEncoding = 4; lastKnownFileType = text; path = input; sourceTree = "<group>"; };
		B163858321B6253D0011B7D4 /* Day21.swift */ = {isa = PBXFileReference; fileEncoding = 4; lastKnownFileType = sourcecode.swift; path = Day21.swift; sourceTree = "<group>"; };
		B163858521B6253D0011B7D4 /* Day22Tests.swift */ = {isa = PBXFileReference; fileEncoding = 4; lastKnownFileType = sourcecode.swift; path = Day22Tests.swift; sourceTree = "<group>"; };
		B163858621B6253D0011B7D4 /* input */ = {isa = PBXFileReference; fileEncoding = 4; lastKnownFileType = text; path = input; sourceTree = "<group>"; };
		B163858721B6253D0011B7D4 /* Day22.swift */ = {isa = PBXFileReference; fileEncoding = 4; lastKnownFileType = sourcecode.swift; path = Day22.swift; sourceTree = "<group>"; };
		B1C620D421BCC57000FB2506 /* AllPoints.swift */ = {isa = PBXFileReference; lastKnownFileType = sourcecode.swift; path = AllPoints.swift; sourceTree = "<group>"; };
		B1C620D621BCC5FB00FB2506 /* BorderPoints.swift */ = {isa = PBXFileReference; lastKnownFileType = sourcecode.swift; path = BorderPoints.swift; sourceTree = "<group>"; };
		B1C620D821BCCAB400FB2506 /* TimeElapsed.swift */ = {isa = PBXFileReference; lastKnownFileType = sourcecode.swift; path = TimeElapsed.swift; sourceTree = "<group>"; };
/* End PBXFileReference section */

/* Begin PBXFrameworksBuildPhase section */
		B113B77F21B34D0E00D2B9F5 /* Frameworks */ = {
			isa = PBXFrameworksBuildPhase;
			buildActionMask = 2147483647;
			files = (
			);
			runOnlyForDeploymentPostprocessing = 0;
		};
		B113B78821B34D0E00D2B9F5 /* Frameworks */ = {
			isa = PBXFrameworksBuildPhase;
			buildActionMask = 2147483647;
			files = (
				B113B78C21B34D0E00D2B9F5 /* AOC2018.framework in Frameworks */,
			);
			runOnlyForDeploymentPostprocessing = 0;
		};
/* End PBXFrameworksBuildPhase section */

/* Begin PBXGroup section */
		B113B77821B34D0D00D2B9F5 = {
			isa = PBXGroup;
			children = (
				B113B78421B34D0E00D2B9F5 /* AOC2018 */,
				B113B78F21B34D0E00D2B9F5 /* AOC2018Tests */,
				B113B78321B34D0E00D2B9F5 /* Products */,
			);
			sourceTree = "<group>";
		};
		B113B78321B34D0E00D2B9F5 /* Products */ = {
			isa = PBXGroup;
			children = (
				B113B78221B34D0E00D2B9F5 /* AOC2018.framework */,
				B113B78B21B34D0E00D2B9F5 /* AOC2018Tests.xctest */,
			);
			name = Products;
			sourceTree = "<group>";
		};
		B113B78421B34D0E00D2B9F5 /* AOC2018 */ = {
			isa = PBXGroup;
			children = (
				B113B78521B34D0E00D2B9F5 /* AOC2018.h */,
				B113B79D21B34D8D00D2B9F5 /* Day1 */,
				B113B79E21B34D9300D2B9F5 /* Day2 */,
				B163851B21B565FF0011B7D4 /* Day3 */,
				B163852D21B624880011B7D4 /* Day4 */,
				B163854821B6253C0011B7D4 /* Day5 */,
				B163857821B6253D0011B7D4 /* Day6 */,
				B163854421B6253C0011B7D4 /* Day7 */,
				B163853421B6253C0011B7D4 /* Day8 */,
				B163855C21B6253C0011B7D4 /* Day9 */,
				B163853821B6253C0011B7D4 /* Day10 */,
				B163857421B6253D0011B7D4 /* Day11 */,
				B163854021B6253C0011B7D4 /* Day12 */,
				B163855021B6253C0011B7D4 /* Day13 */,
				B163855421B6253C0011B7D4 /* Day14 */,
				B163856821B6253D0011B7D4 /* Day15 */,
				B163855821B6253C0011B7D4 /* Day16 */,
				B163856021B6253C0011B7D4 /* Day17 */,
				B163857C21B6253D0011B7D4 /* Day18 */,
				B163853C21B6253C0011B7D4 /* Day19 */,
				B163856C21B6253D0011B7D4 /* Day20 */,
				B163858021B6253D0011B7D4 /* Day21 */,
				B163858421B6253D0011B7D4 /* Day22 */,
				B163854C21B6253C0011B7D4 /* Day23 */,
				B163856421B6253D0011B7D4 /* Day24 */,
				B163857021B6253D0011B7D4 /* Day25 */,
				B113B78621B34D0E00D2B9F5 /* Info.plist */,
				B113B7A821B34DDB00D2B9F5 /* Shared */,
			);
			path = AOC2018;
			sourceTree = "<group>";
		};
		B113B78F21B34D0E00D2B9F5 /* AOC2018Tests */ = {
			isa = PBXGroup;
			children = (
				B113B79221B34D0E00D2B9F5 /* Info.plist */,
			);
			path = AOC2018Tests;
			sourceTree = "<group>";
		};
		B113B79D21B34D8D00D2B9F5 /* Day1 */ = {
			isa = PBXGroup;
			children = (
				B113B7A321B34DB200D2B9F5 /* Day1.swift */,
				B113B7B321B3819C00D2B9F5 /* Day1Tests.swift */,
				B113B7A121B34DA900D2B9F5 /* input */,
			);
			path = Day1;
			sourceTree = "<group>";
		};
		B113B79E21B34D9300D2B9F5 /* Day2 */ = {
			isa = PBXGroup;
			children = (
				B113B7A521B34DB800D2B9F5 /* Day2.swift */,
				B113B7B121B3819800D2B9F5 /* Day2Tests.swift */,
				B113B79F21B34DA000D2B9F5 /* input */,
			);
			path = Day2;
			sourceTree = "<group>";
		};
		B113B7A821B34DDB00D2B9F5 /* Shared */ = {
			isa = PBXGroup;
			children = (
				B163851321B3A6F90011B7D4 /* CountElements.swift */,
				B163851521B3A72F0011B7D4 /* CountWhere.swift */,
				B113B7A921B34DE200D2B9F5 /* Cycled.swift */,
				B113B7AB21B34DFA00D2B9F5 /* Day.swift */,
				B113B7AD21B34F9100D2B9F5 /* Input.swift */,
				B163851721B471EC0011B7D4 /* IntersectionOfStrings.swift */,
				B163851921B4724C0011B7D4 /* StringDistance.swift */,
				B163852221B5BE110011B7D4 /* IntersectingPoints.swift */,
				B163852421B5BEF40011B7D4 /* Unique.swift */,
				B163852B21B5D0810011B7D4 /* Regex.swift */,
				B100CFE621B80D0500FB007F /* Exploded.swift */,
				B100CFE821B860D000FB007F /* CharacterLists.swift */,
				B100CFEA21B8622900FB007F /* Stripping.swift */,
				B1C620D421BCC57000FB2506 /* AllPoints.swift */,
				B1C620D621BCC5FB00FB2506 /* BorderPoints.swift */,
				B1C620D821BCCAB400FB2506 /* TimeElapsed.swift */,
			);
			path = Shared;
			sourceTree = "<group>";
		};
		B163851B21B565FF0011B7D4 /* Day3 */ = {
			isa = PBXGroup;
			children = (
				B163851E21B566150011B7D4 /* Day3.swift */,
				B163852021B5661B0011B7D4 /* Day3Tests.swift */,
				B163851C21B5660B0011B7D4 /* input */,
			);
			path = Day3;
			sourceTree = "<group>";
		};
		B163852D21B624880011B7D4 /* Day4 */ = {
			isa = PBXGroup;
			children = (
				B163852E21B624A00011B7D4 /* Day4.swift */,
				B163852F21B624A00011B7D4 /* Day4Tests.swift */,
				B163853021B624A00011B7D4 /* input */,
			);
			path = Day4;
			sourceTree = "<group>";
		};
		B163853421B6253C0011B7D4 /* Day8 */ = {
			isa = PBXGroup;
			children = (
				B163853721B6253C0011B7D4 /* 8.swift */,
				B163853521B6253C0011B7D4 /* Day8Tests.swift */,
				B163853621B6253C0011B7D4 /* input */,
			);
			path = Day8;
			sourceTree = "<group>";
		};
		B163853821B6253C0011B7D4 /* Day10 */ = {
			isa = PBXGroup;
			children = (
				B163853B21B6253C0011B7D4 /* Day10.swift */,
				B163853921B6253C0011B7D4 /* Day10Tests.swift */,
				B163853A21B6253C0011B7D4 /* input */,
			);
			path = Day10;
			sourceTree = "<group>";
		};
		B163853C21B6253C0011B7D4 /* Day19 */ = {
			isa = PBXGroup;
			children = (
				B163853F21B6253C0011B7D4 /* Day19.swift */,
				B163853D21B6253C0011B7D4 /* Day19Tests.swift */,
				B163853E21B6253C0011B7D4 /* input */,
			);
			path = Day19;
			sourceTree = "<group>";
		};
		B163854021B6253C0011B7D4 /* Day12 */ = {
			isa = PBXGroup;
			children = (
				B163854321B6253C0011B7D4 /* Day12.swift */,
				B163854121B6253C0011B7D4 /* Day12Tests.swift */,
				B163854221B6253C0011B7D4 /* input */,
			);
			path = Day12;
			sourceTree = "<group>";
		};
		B163854421B6253C0011B7D4 /* Day7 */ = {
			isa = PBXGroup;
			children = (
				B163854721B6253C0011B7D4 /* Day7.swift */,
				B163854521B6253C0011B7D4 /* Day7Tests.swift */,
				B163854621B6253C0011B7D4 /* input */,
			);
			path = Day7;
			sourceTree = "<group>";
		};
		B163854821B6253C0011B7D4 /* Day5 */ = {
			isa = PBXGroup;
			children = (
				B163854B21B6253C0011B7D4 /* Day5.swift */,
				B163854921B6253C0011B7D4 /* Day5Tests.swift */,
				B163854A21B6253C0011B7D4 /* input */,
			);
			path = Day5;
			sourceTree = "<group>";
		};
		B163854C21B6253C0011B7D4 /* Day23 */ = {
			isa = PBXGroup;
			children = (
				B163854F21B6253C0011B7D4 /* Day23.swift */,
				B163854D21B6253C0011B7D4 /* Day23Tests.swift */,
				B163854E21B6253C0011B7D4 /* input */,
			);
			path = Day23;
			sourceTree = "<group>";
		};
		B163855021B6253C0011B7D4 /* Day13 */ = {
			isa = PBXGroup;
			children = (
				B163855321B6253C0011B7D4 /* Day13.swift */,
				B163855121B6253C0011B7D4 /* Day13Tests.swift */,
				B163855221B6253C0011B7D4 /* input */,
			);
			path = Day13;
			sourceTree = "<group>";
		};
		B163855421B6253C0011B7D4 /* Day14 */ = {
			isa = PBXGroup;
			children = (
				B163855721B6253C0011B7D4 /* Day14.swift */,
				B163855521B6253C0011B7D4 /* Day14Tests.swift */,
				B163855621B6253C0011B7D4 /* input */,
			);
			path = Day14;
			sourceTree = "<group>";
		};
		B163855821B6253C0011B7D4 /* Day16 */ = {
			isa = PBXGroup;
			children = (
				B163855B21B6253C0011B7D4 /* Day16.swift */,
				B163855921B6253C0011B7D4 /* Day16Tests.swift */,
				B163855A21B6253C0011B7D4 /* input */,
			);
			path = Day16;
			sourceTree = "<group>";
		};
		B163855C21B6253C0011B7D4 /* Day9 */ = {
			isa = PBXGroup;
			children = (
				B163855F21B6253C0011B7D4 /* Day9.swift */,
				B163855D21B6253C0011B7D4 /* Day9Tests.swift */,
				B163855E21B6253C0011B7D4 /* input */,
			);
			path = Day9;
			sourceTree = "<group>";
		};
		B163856021B6253C0011B7D4 /* Day17 */ = {
			isa = PBXGroup;
			children = (
				B163856321B6253C0011B7D4 /* Day17.swift */,
				B163856121B6253C0011B7D4 /* Day17Tests.swift */,
				B163856221B6253C0011B7D4 /* input */,
			);
			path = Day17;
			sourceTree = "<group>";
		};
		B163856421B6253D0011B7D4 /* Day24 */ = {
			isa = PBXGroup;
			children = (
				B163856721B6253D0011B7D4 /* Day24.swift */,
				B163856521B6253D0011B7D4 /* Day24Tests.swift */,
				B163856621B6253D0011B7D4 /* input */,
			);
			path = Day24;
			sourceTree = "<group>";
		};
		B163856821B6253D0011B7D4 /* Day15 */ = {
			isa = PBXGroup;
			children = (
				B163856B21B6253D0011B7D4 /* Day15.swift */,
				B163856921B6253D0011B7D4 /* Day15Tests.swift */,
				B163856A21B6253D0011B7D4 /* input */,
			);
			path = Day15;
			sourceTree = "<group>";
		};
		B163856C21B6253D0011B7D4 /* Day20 */ = {
			isa = PBXGroup;
			children = (
				B163856F21B6253D0011B7D4 /* Day20.swift */,
				B163856D21B6253D0011B7D4 /* Day20Tests.swift */,
				B163856E21B6253D0011B7D4 /* input */,
			);
			path = Day20;
			sourceTree = "<group>";
		};
		B163857021B6253D0011B7D4 /* Day25 */ = {
			isa = PBXGroup;
			children = (
				B163857321B6253D0011B7D4 /* Day25.swift */,
				B163857121B6253D0011B7D4 /* Day25Tests.swift */,
				B163857221B6253D0011B7D4 /* input */,
			);
			path = Day25;
			sourceTree = "<group>";
		};
		B163857421B6253D0011B7D4 /* Day11 */ = {
			isa = PBXGroup;
			children = (
				B163857721B6253D0011B7D4 /* Day11.swift */,
				B163857521B6253D0011B7D4 /* Day11Tests.swift */,
				B163857621B6253D0011B7D4 /* input */,
			);
			path = Day11;
			sourceTree = "<group>";
		};
		B163857821B6253D0011B7D4 /* Day6 */ = {
			isa = PBXGroup;
			children = (
				B163857B21B6253D0011B7D4 /* Day6.swift */,
				B163857921B6253D0011B7D4 /* Day6Tests.swift */,
				B163857A21B6253D0011B7D4 /* input */,
			);
			path = Day6;
			sourceTree = "<group>";
		};
		B163857C21B6253D0011B7D4 /* Day18 */ = {
			isa = PBXGroup;
			children = (
				B163857F21B6253D0011B7D4 /* Day18.swift */,
				B163857D21B6253D0011B7D4 /* Day18Tests.swift */,
				B163857E21B6253D0011B7D4 /* input */,
			);
			path = Day18;
			sourceTree = "<group>";
		};
		B163858021B6253D0011B7D4 /* Day21 */ = {
			isa = PBXGroup;
			children = (
				B163858321B6253D0011B7D4 /* Day21.swift */,
				B163858121B6253D0011B7D4 /* Day21Tests.swift */,
				B163858221B6253D0011B7D4 /* input */,
			);
			path = Day21;
			sourceTree = "<group>";
		};
		B163858421B6253D0011B7D4 /* Day22 */ = {
			isa = PBXGroup;
			children = (
				B163858721B6253D0011B7D4 /* Day22.swift */,
				B163858521B6253D0011B7D4 /* Day22Tests.swift */,
				B163858621B6253D0011B7D4 /* input */,
			);
			path = Day22;
			sourceTree = "<group>";
		};
/* End PBXGroup section */

/* Begin PBXHeadersBuildPhase section */
		B113B77D21B34D0E00D2B9F5 /* Headers */ = {
			isa = PBXHeadersBuildPhase;
			buildActionMask = 2147483647;
			files = (
				B113B79321B34D0E00D2B9F5 /* AOC2018.h in Headers */,
			);
			runOnlyForDeploymentPostprocessing = 0;
		};
/* End PBXHeadersBuildPhase section */

/* Begin PBXNativeTarget section */
		B113B78121B34D0E00D2B9F5 /* AOC2018 */ = {
			isa = PBXNativeTarget;
			buildConfigurationList = B113B79621B34D0E00D2B9F5 /* Build configuration list for PBXNativeTarget "AOC2018" */;
			buildPhases = (
				B113B77D21B34D0E00D2B9F5 /* Headers */,
				B113B77E21B34D0E00D2B9F5 /* Sources */,
				B113B77F21B34D0E00D2B9F5 /* Frameworks */,
				B113B78021B34D0E00D2B9F5 /* Resources */,
			);
			buildRules = (
			);
			dependencies = (
			);
			name = AOC2018;
			productName = AOC2018;
			productReference = B113B78221B34D0E00D2B9F5 /* AOC2018.framework */;
			productType = "com.apple.product-type.framework";
		};
		B113B78A21B34D0E00D2B9F5 /* AOC2018Tests */ = {
			isa = PBXNativeTarget;
			buildConfigurationList = B113B79921B34D0E00D2B9F5 /* Build configuration list for PBXNativeTarget "AOC2018Tests" */;
			buildPhases = (
				B113B78721B34D0E00D2B9F5 /* Sources */,
				B113B78821B34D0E00D2B9F5 /* Frameworks */,
				B113B78921B34D0E00D2B9F5 /* Resources */,
			);
			buildRules = (
			);
			dependencies = (
				B113B78E21B34D0E00D2B9F5 /* PBXTargetDependency */,
			);
			name = AOC2018Tests;
			productName = AOC2018Tests;
			productReference = B113B78B21B34D0E00D2B9F5 /* AOC2018Tests.xctest */;
			productType = "com.apple.product-type.bundle.unit-test";
		};
/* End PBXNativeTarget section */

/* Begin PBXProject section */
		B113B77921B34D0D00D2B9F5 /* Project object */ = {
			isa = PBXProject;
			attributes = {
				LastSwiftUpdateCheck = 1010;
				LastUpgradeCheck = 1010;
				ORGANIZATIONNAME = mark.sands;
				TargetAttributes = {
					B113B78121B34D0E00D2B9F5 = {
						CreatedOnToolsVersion = 10.1;
						LastSwiftMigration = 1010;
					};
					B113B78A21B34D0E00D2B9F5 = {
						CreatedOnToolsVersion = 10.1;
					};
				};
			};
			buildConfigurationList = B113B77C21B34D0E00D2B9F5 /* Build configuration list for PBXProject "AOC2018" */;
			compatibilityVersion = "Xcode 9.3";
			developmentRegion = en;
			hasScannedForEncodings = 0;
			knownRegions = (
				en,
			);
			mainGroup = B113B77821B34D0D00D2B9F5;
			productRefGroup = B113B78321B34D0E00D2B9F5 /* Products */;
			projectDirPath = "";
			projectRoot = "";
			targets = (
				B113B78121B34D0E00D2B9F5 /* AOC2018 */,
				B113B78A21B34D0E00D2B9F5 /* AOC2018Tests */,
			);
		};
/* End PBXProject section */

/* Begin PBXResourcesBuildPhase section */
		B113B78021B34D0E00D2B9F5 /* Resources */ = {
			isa = PBXResourcesBuildPhase;
			buildActionMask = 2147483647;
			files = (
			);
			runOnlyForDeploymentPostprocessing = 0;
		};
		B113B78921B34D0E00D2B9F5 /* Resources */ = {
			isa = PBXResourcesBuildPhase;
			buildActionMask = 2147483647;
			files = (
			);
			runOnlyForDeploymentPostprocessing = 0;
		};
/* End PBXResourcesBuildPhase section */

/* Begin PBXSourcesBuildPhase section */
		B113B77E21B34D0E00D2B9F5 /* Sources */ = {
			isa = PBXSourcesBuildPhase;
			buildActionMask = 2147483647;
			files = (
				B16385B121B6253E0011B7D4 /* Day15.swift in Sources */,
				B163853121B624A00011B7D4 /* Day4.swift in Sources */,
				B163851621B3A72F0011B7D4 /* CountWhere.swift in Sources */,
				B113B7AE21B34F9100D2B9F5 /* Input.swift in Sources */,
				B113B7A421B34DB200D2B9F5 /* Day1.swift in Sources */,
				B163859921B6253E0011B7D4 /* Day5.swift in Sources */,
				B16385BD21B6253E0011B7D4 /* Day6.swift in Sources */,
				B113B7A621B34DB800D2B9F5 /* Day2.swift in Sources */,
				B163851821B471EC0011B7D4 /* IntersectionOfStrings.swift in Sources */,
				B16385A821B6253E0011B7D4 /* Day9.swift in Sources */,
				B100CFE721B80D0500FB007F /* Exploded.swift in Sources */,
				B163852321B5BE110011B7D4 /* IntersectingPoints.swift in Sources */,
				B163859321B6253E0011B7D4 /* Day12.swift in Sources */,
				B113B7AC21B34DFA00D2B9F5 /* Day.swift in Sources */,
				B163859F21B6253E0011B7D4 /* Day13.swift in Sources */,
				B16385BA21B6253E0011B7D4 /* Day11.swift in Sources */,
				B163851F21B566150011B7D4 /* Day3.swift in Sources */,
				B16385B421B6253E0011B7D4 /* Day20.swift in Sources */,
				B163858A21B6253E0011B7D4 /* 8.swift in Sources */,
				B163859021B6253E0011B7D4 /* Day19.swift in Sources */,
				B16385C021B6253E0011B7D4 /* Day18.swift in Sources */,
				B163851A21B4724C0011B7D4 /* StringDistance.swift in Sources */,
				B163859C21B6253E0011B7D4 /* Day23.swift in Sources */,
				B16385AE21B6253E0011B7D4 /* Day24.swift in Sources */,
				B1C620D721BCC5FB00FB2506 /* BorderPoints.swift in Sources */,
				B100CFEB21B8622900FB007F /* Stripping.swift in Sources */,
				B163859621B6253E0011B7D4 /* Day7.swift in Sources */,
				B1C620D521BCC57000FB2506 /* AllPoints.swift in Sources */,
				B16385A221B6253E0011B7D4 /* Day14.swift in Sources */,
				B16385A521B6253E0011B7D4 /* Day16.swift in Sources */,
				B16385B721B6253E0011B7D4 /* Day25.swift in Sources */,
				B100CFE921B860D000FB007F /* CharacterLists.swift in Sources */,
				B1C620D921BCCAB400FB2506 /* TimeElapsed.swift in Sources */,
				B16385AB21B6253E0011B7D4 /* Day17.swift in Sources */,
				B16385C321B6253E0011B7D4 /* Day21.swift in Sources */,
				B163851421B3A6F90011B7D4 /* CountElements.swift in Sources */,
				B163858D21B6253E0011B7D4 /* Day10.swift in Sources */,
				B16385C621B6253E0011B7D4 /* Day22.swift in Sources */,
				B163852521B5BEF40011B7D4 /* Unique.swift in Sources */,
				B113B7AA21B34DE200D2B9F5 /* Cycled.swift in Sources */,
				B163852C21B5D0810011B7D4 /* Regex.swift in Sources */,
			);
			runOnlyForDeploymentPostprocessing = 0;
		};
		B113B78721B34D0E00D2B9F5 /* Sources */ = {
			isa = PBXSourcesBuildPhase;
			buildActionMask = 2147483647;
			files = (
				B16385CD21B627120011B7D4 /* Day9Tests.swift in Sources */,
				B113B7B621B381B400D2B9F5 /* Day1Tests.swift in Sources */,
				B16385CB21B627120011B7D4 /* Day7Tests.swift in Sources */,
				B113B7B521B381B200D2B9F5 /* Day2Tests.swift in Sources */,
				B16385D421B627120011B7D4 /* Day17Tests.swift in Sources */,
				B16385D521B627120011B7D4 /* Day18Tests.swift in Sources */,
				B16385D621B627120011B7D4 /* Day19Tests.swift in Sources */,
				B16385CC21B627120011B7D4 /* Day8Tests.swift in Sources */,
				B16385DD21B627180011B7D4 /* Day4Tests.swift in Sources */,
				B16385D221B627120011B7D4 /* Day14Tests.swift in Sources */,
				B16385DA21B627120011B7D4 /* Day23Tests.swift in Sources */,
				B16385C721B626FD0011B7D4 /* Day15Tests.swift in Sources */,
				B16385DC21B627120011B7D4 /* Day25Tests.swift in Sources */,
				B16385CA21B627120011B7D4 /* Day6Tests.swift in Sources */,
				B16385D321B627120011B7D4 /* Day16Tests.swift in Sources */,
				B163852121B5661B0011B7D4 /* Day3Tests.swift in Sources */,
				B16385D921B627120011B7D4 /* Day22Tests.swift in Sources */,
				B16385C921B627120011B7D4 /* Day5Tests.swift in Sources */,
				B16385CE21B627120011B7D4 /* Day10Tests.swift in Sources */,
				B16385D121B627120011B7D4 /* Day13Tests.swift in Sources */,
				B16385CF21B627120011B7D4 /* Day11Tests.swift in Sources */,
				B16385D021B627120011B7D4 /* Day12Tests.swift in Sources */,
				B16385D721B627120011B7D4 /* Day20Tests.swift in Sources */,
				B16385DB21B627120011B7D4 /* Day24Tests.swift in Sources */,
				B16385D821B627120011B7D4 /* Day21Tests.swift in Sources */,
			);
			runOnlyForDeploymentPostprocessing = 0;
		};
/* End PBXSourcesBuildPhase section */

/* Begin PBXTargetDependency section */
		B113B78E21B34D0E00D2B9F5 /* PBXTargetDependency */ = {
			isa = PBXTargetDependency;
			target = B113B78121B34D0E00D2B9F5 /* AOC2018 */;
			targetProxy = B113B78D21B34D0E00D2B9F5 /* PBXContainerItemProxy */;
		};
/* End PBXTargetDependency section */

/* Begin XCBuildConfiguration section */
		B113B79421B34D0E00D2B9F5 /* Debug */ = {
			isa = XCBuildConfiguration;
			buildSettings = {
				ALWAYS_SEARCH_USER_PATHS = NO;
				CLANG_ANALYZER_NONNULL = YES;
				CLANG_ANALYZER_NUMBER_OBJECT_CONVERSION = YES_AGGRESSIVE;
				CLANG_CXX_LANGUAGE_STANDARD = "gnu++14";
				CLANG_CXX_LIBRARY = "libc++";
				CLANG_ENABLE_MODULES = YES;
				CLANG_ENABLE_OBJC_ARC = YES;
				CLANG_ENABLE_OBJC_WEAK = YES;
				CLANG_WARN_BLOCK_CAPTURE_AUTORELEASING = YES;
				CLANG_WARN_BOOL_CONVERSION = YES;
				CLANG_WARN_COMMA = YES;
				CLANG_WARN_CONSTANT_CONVERSION = YES;
				CLANG_WARN_DEPRECATED_OBJC_IMPLEMENTATIONS = YES;
				CLANG_WARN_DIRECT_OBJC_ISA_USAGE = YES_ERROR;
				CLANG_WARN_DOCUMENTATION_COMMENTS = YES;
				CLANG_WARN_EMPTY_BODY = YES;
				CLANG_WARN_ENUM_CONVERSION = YES;
				CLANG_WARN_INFINITE_RECURSION = YES;
				CLANG_WARN_INT_CONVERSION = YES;
				CLANG_WARN_NON_LITERAL_NULL_CONVERSION = YES;
				CLANG_WARN_OBJC_IMPLICIT_RETAIN_SELF = YES;
				CLANG_WARN_OBJC_LITERAL_CONVERSION = YES;
				CLANG_WARN_OBJC_ROOT_CLASS = YES_ERROR;
				CLANG_WARN_RANGE_LOOP_ANALYSIS = YES;
				CLANG_WARN_STRICT_PROTOTYPES = YES;
				CLANG_WARN_SUSPICIOUS_MOVE = YES;
				CLANG_WARN_UNGUARDED_AVAILABILITY = YES_AGGRESSIVE;
				CLANG_WARN_UNREACHABLE_CODE = YES;
				CLANG_WARN__DUPLICATE_METHOD_MATCH = YES;
				CODE_SIGN_IDENTITY = "iPhone Developer";
				COPY_PHASE_STRIP = NO;
				CURRENT_PROJECT_VERSION = 1;
				DEBUG_INFORMATION_FORMAT = dwarf;
				ENABLE_STRICT_OBJC_MSGSEND = YES;
				ENABLE_TESTABILITY = YES;
				GCC_C_LANGUAGE_STANDARD = gnu11;
				GCC_DYNAMIC_NO_PIC = NO;
				GCC_NO_COMMON_BLOCKS = YES;
				GCC_OPTIMIZATION_LEVEL = 0;
				GCC_PREPROCESSOR_DEFINITIONS = (
					"DEBUG=1",
					"$(inherited)",
				);
				GCC_WARN_64_TO_32_BIT_CONVERSION = YES;
				GCC_WARN_ABOUT_RETURN_TYPE = YES_ERROR;
				GCC_WARN_UNDECLARED_SELECTOR = YES;
				GCC_WARN_UNINITIALIZED_AUTOS = YES_AGGRESSIVE;
				GCC_WARN_UNUSED_FUNCTION = YES;
				GCC_WARN_UNUSED_VARIABLE = YES;
				IPHONEOS_DEPLOYMENT_TARGET = 12.1;
				MTL_ENABLE_DEBUG_INFO = INCLUDE_SOURCE;
				MTL_FAST_MATH = YES;
				ONLY_ACTIVE_ARCH = YES;
				SDKROOT = iphoneos;
				SWIFT_ACTIVE_COMPILATION_CONDITIONS = DEBUG;
				SWIFT_OPTIMIZATION_LEVEL = "-Onone";
				VERSIONING_SYSTEM = "apple-generic";
				VERSION_INFO_PREFIX = "";
			};
			name = Debug;
		};
		B113B79521B34D0E00D2B9F5 /* Release */ = {
			isa = XCBuildConfiguration;
			buildSettings = {
				ALWAYS_SEARCH_USER_PATHS = NO;
				CLANG_ANALYZER_NONNULL = YES;
				CLANG_ANALYZER_NUMBER_OBJECT_CONVERSION = YES_AGGRESSIVE;
				CLANG_CXX_LANGUAGE_STANDARD = "gnu++14";
				CLANG_CXX_LIBRARY = "libc++";
				CLANG_ENABLE_MODULES = YES;
				CLANG_ENABLE_OBJC_ARC = YES;
				CLANG_ENABLE_OBJC_WEAK = YES;
				CLANG_WARN_BLOCK_CAPTURE_AUTORELEASING = YES;
				CLANG_WARN_BOOL_CONVERSION = YES;
				CLANG_WARN_COMMA = YES;
				CLANG_WARN_CONSTANT_CONVERSION = YES;
				CLANG_WARN_DEPRECATED_OBJC_IMPLEMENTATIONS = YES;
				CLANG_WARN_DIRECT_OBJC_ISA_USAGE = YES_ERROR;
				CLANG_WARN_DOCUMENTATION_COMMENTS = YES;
				CLANG_WARN_EMPTY_BODY = YES;
				CLANG_WARN_ENUM_CONVERSION = YES;
				CLANG_WARN_INFINITE_RECURSION = YES;
				CLANG_WARN_INT_CONVERSION = YES;
				CLANG_WARN_NON_LITERAL_NULL_CONVERSION = YES;
				CLANG_WARN_OBJC_IMPLICIT_RETAIN_SELF = YES;
				CLANG_WARN_OBJC_LITERAL_CONVERSION = YES;
				CLANG_WARN_OBJC_ROOT_CLASS = YES_ERROR;
				CLANG_WARN_RANGE_LOOP_ANALYSIS = YES;
				CLANG_WARN_STRICT_PROTOTYPES = YES;
				CLANG_WARN_SUSPICIOUS_MOVE = YES;
				CLANG_WARN_UNGUARDED_AVAILABILITY = YES_AGGRESSIVE;
				CLANG_WARN_UNREACHABLE_CODE = YES;
				CLANG_WARN__DUPLICATE_METHOD_MATCH = YES;
				CODE_SIGN_IDENTITY = "iPhone Developer";
				COPY_PHASE_STRIP = NO;
				CURRENT_PROJECT_VERSION = 1;
				DEBUG_INFORMATION_FORMAT = "dwarf-with-dsym";
				ENABLE_NS_ASSERTIONS = NO;
				ENABLE_STRICT_OBJC_MSGSEND = YES;
				GCC_C_LANGUAGE_STANDARD = gnu11;
				GCC_NO_COMMON_BLOCKS = YES;
				GCC_WARN_64_TO_32_BIT_CONVERSION = YES;
				GCC_WARN_ABOUT_RETURN_TYPE = YES_ERROR;
				GCC_WARN_UNDECLARED_SELECTOR = YES;
				GCC_WARN_UNINITIALIZED_AUTOS = YES_AGGRESSIVE;
				GCC_WARN_UNUSED_FUNCTION = YES;
				GCC_WARN_UNUSED_VARIABLE = YES;
				IPHONEOS_DEPLOYMENT_TARGET = 12.1;
				MTL_ENABLE_DEBUG_INFO = NO;
				MTL_FAST_MATH = YES;
				SDKROOT = iphoneos;
				SWIFT_COMPILATION_MODE = wholemodule;
				SWIFT_OPTIMIZATION_LEVEL = "-O";
				VALIDATE_PRODUCT = YES;
				VERSIONING_SYSTEM = "apple-generic";
				VERSION_INFO_PREFIX = "";
			};
			name = Release;
		};
		B113B79721B34D0E00D2B9F5 /* Debug */ = {
			isa = XCBuildConfiguration;
			buildSettings = {
				CLANG_ENABLE_MODULES = YES;
				CODE_SIGN_IDENTITY = "";
				CODE_SIGN_STYLE = Automatic;
				DEFINES_MODULE = YES;
				DYLIB_COMPATIBILITY_VERSION = 1;
				DYLIB_CURRENT_VERSION = 1;
				DYLIB_INSTALL_NAME_BASE = "@rpath";
				INFOPLIST_FILE = AOC2018/Info.plist;
				INSTALL_PATH = "$(LOCAL_LIBRARY_DIR)/Frameworks";
				LD_RUNPATH_SEARCH_PATHS = (
					"$(inherited)",
					"@executable_path/Frameworks",
					"@loader_path/Frameworks",
				);
				PRODUCT_BUNDLE_IDENTIFIER = com.marksands.AOC2018;
				PRODUCT_NAME = "$(TARGET_NAME:c99extidentifier)";
				SKIP_INSTALL = YES;
				SWIFT_OPTIMIZATION_LEVEL = "-Onone";
				SWIFT_VERSION = 4.2;
				TARGETED_DEVICE_FAMILY = "1,2";
			};
			name = Debug;
		};
		B113B79821B34D0E00D2B9F5 /* Release */ = {
			isa = XCBuildConfiguration;
			buildSettings = {
				CLANG_ENABLE_MODULES = YES;
				CODE_SIGN_IDENTITY = "";
				CODE_SIGN_STYLE = Automatic;
				DEFINES_MODULE = YES;
				DYLIB_COMPATIBILITY_VERSION = 1;
				DYLIB_CURRENT_VERSION = 1;
				DYLIB_INSTALL_NAME_BASE = "@rpath";
				INFOPLIST_FILE = AOC2018/Info.plist;
				INSTALL_PATH = "$(LOCAL_LIBRARY_DIR)/Frameworks";
				LD_RUNPATH_SEARCH_PATHS = (
					"$(inherited)",
					"@executable_path/Frameworks",
					"@loader_path/Frameworks",
				);
				PRODUCT_BUNDLE_IDENTIFIER = com.marksands.AOC2018;
				PRODUCT_NAME = "$(TARGET_NAME:c99extidentifier)";
				SKIP_INSTALL = YES;
				SWIFT_VERSION = 4.2;
				TARGETED_DEVICE_FAMILY = "1,2";
			};
			name = Release;
		};
		B113B79A21B34D0E00D2B9F5 /* Debug */ = {
			isa = XCBuildConfiguration;
			buildSettings = {
				ALWAYS_EMBED_SWIFT_STANDARD_LIBRARIES = YES;
				CODE_SIGN_STYLE = Automatic;
				INFOPLIST_FILE = AOC2018Tests/Info.plist;
				LD_RUNPATH_SEARCH_PATHS = (
					"$(inherited)",
					"@executable_path/Frameworks",
					"@loader_path/Frameworks",
				);
				PRODUCT_BUNDLE_IDENTIFIER = com.marksands.AOC2018Tests;
				PRODUCT_NAME = "$(TARGET_NAME)";
				SWIFT_VERSION = 4.2;
				TARGETED_DEVICE_FAMILY = "1,2";
			};
			name = Debug;
		};
		B113B79B21B34D0E00D2B9F5 /* Release */ = {
			isa = XCBuildConfiguration;
			buildSettings = {
				ALWAYS_EMBED_SWIFT_STANDARD_LIBRARIES = YES;
				CODE_SIGN_STYLE = Automatic;
				INFOPLIST_FILE = AOC2018Tests/Info.plist;
				LD_RUNPATH_SEARCH_PATHS = (
					"$(inherited)",
					"@executable_path/Frameworks",
					"@loader_path/Frameworks",
				);
				PRODUCT_BUNDLE_IDENTIFIER = com.marksands.AOC2018Tests;
				PRODUCT_NAME = "$(TARGET_NAME)";
				SWIFT_VERSION = 4.2;
				TARGETED_DEVICE_FAMILY = "1,2";
			};
			name = Release;
		};
/* End XCBuildConfiguration section */

/* Begin XCConfigurationList section */
		B113B77C21B34D0E00D2B9F5 /* Build configuration list for PBXProject "AOC2018" */ = {
			isa = XCConfigurationList;
			buildConfigurations = (
				B113B79421B34D0E00D2B9F5 /* Debug */,
				B113B79521B34D0E00D2B9F5 /* Release */,
			);
			defaultConfigurationIsVisible = 0;
			defaultConfigurationName = Release;
		};
		B113B79621B34D0E00D2B9F5 /* Build configuration list for PBXNativeTarget "AOC2018" */ = {
			isa = XCConfigurationList;
			buildConfigurations = (
				B113B79721B34D0E00D2B9F5 /* Debug */,
				B113B79821B34D0E00D2B9F5 /* Release */,
			);
			defaultConfigurationIsVisible = 0;
			defaultConfigurationName = Release;
		};
		B113B79921B34D0E00D2B9F5 /* Build configuration list for PBXNativeTarget "AOC2018Tests" */ = {
			isa = XCConfigurationList;
			buildConfigurations = (
				B113B79A21B34D0E00D2B9F5 /* Debug */,
				B113B79B21B34D0E00D2B9F5 /* Release */,
			);
			defaultConfigurationIsVisible = 0;
			defaultConfigurationName = Release;
		};
/* End XCConfigurationList section */
	};
	rootObject = B113B77921B34D0D00D2B9F5 /* Project object */;
}
